
Microsoft Visual Studio Solution File, Format Version 12.00
# Visual Studio Version 16
VisualStudioVersion = 16.0.29503.13
MinimumVisualStudioVersion = 10.0.40219.1
Project("{FAE04EC0-301F-11D3-BF4B-00C04F79EFBC}") = "App01_ControleXF.UWP", "App01_ControleXF\App01_ControleXF.UWP\App01_ControleXF.UWP.csproj", "{4C906FC3-9872-4C4E-9F15-4AC643DABC5C}"
EndProject
Project("{FAE04EC0-301F-11D3-BF4B-00C04F79EFBC}") = "App01_ControleXF.Android", "App01_ControleXF\App01_ControleXF.Android\App01_ControleXF.Android.csproj", "{DAA7AA33-7C1B-443A-B8C2-5CD02B15E61D}"
EndProject
Project("{FAE04EC0-301F-11D3-BF4B-00C04F79EFBC}") = "App01_ControleXF.iOS", "App01_ControleXF\App01_ControleXF.iOS\App01_ControleXF.iOS.csproj", "{2ABC2F2D-018B-4DDC-96DE-5424799FD8B4}"
EndProject
Project("{FAE04EC0-301F-11D3-BF4B-00C04F79EFBC}") = "App01_ControleXF", "App01_ControleXF\App01_ControleXF\App01_ControleXF.csproj", "{9D96198D-0FF0-4B18-B607-F8BD4FF4177A}"
EndProject
Global
	GlobalSection(SolutionConfigurationPlatforms) = preSolution
		Debug|Any CPU = Debug|Any CPU
		Debug|ARM = Debug|ARM
		Debug|iPhone = Debug|iPhone
		Debug|iPhoneSimulator = Debug|iPhoneSimulator
		Debug|x64 = Debug|x64
		Debug|x86 = Debug|x86
		Release|Any CPU = Release|Any CPU
		Release|ARM = Release|ARM
		Release|iPhone = Release|iPhone
		Release|iPhoneSimulator = Release|iPhoneSimulator
		Release|x64 = Release|x64
		Release|x86 = Release|x86
	EndGlobalSection
	GlobalSection(ProjectConfigurationPlatforms) = postSolution
		{4C906FC3-9872-4C4E-9F15-4AC643DABC5C}.Debug|Any CPU.ActiveCfg = Debug|x86
		{4C906FC3-9872-4C4E-9F15-4AC643DABC5C}.Debug|Any CPU.Build.0 = Debug|x86
		{4C906FC3-9872-4C4E-9F15-4AC643DABC5C}.Debug|Any CPU.Deploy.0 = Debug|x86
		{4C906FC3-9872-4C4E-9F15-4AC643DABC5C}.Debug|ARM.ActiveCfg = Debug|ARM
		{4C906FC3-9872-4C4E-9F15-4AC643DABC5C}.Debug|ARM.Build.0 = Debug|ARM
		{4C906FC3-9872-4C4E-9F15-4AC643DABC5C}.Debug|ARM.Deploy.0 = Debug|ARM
		{4C906FC3-9872-4C4E-9F15-4AC643DABC5C}.Debug|iPhone.ActiveCfg = Debug|x86
		{4C906FC3-9872-4C4E-9F15-4AC643DABC5C}.Debug|iPhone.Build.0 = Debug|x86
		{4C906FC3-9872-4C4E-9F15-4AC643DABC5C}.Debug|iPhone.Deploy.0 = Debug|x86
		{4C906FC3-9872-4C4E-9F15-4AC643DABC5C}.Debug|iPhoneSimulator.ActiveCfg = Debug|x86
		{4C906FC3-9872-4C4E-9F15-4AC643DABC5C}.Debug|iPhoneSimulator.Build.0 = Debug|x86
		{4C906FC3-9872-4C4E-9F15-4AC643DABC5C}.Debug|iPhoneSimulator.Deploy.0 = Debug|x86
		{4C906FC3-9872-4C4E-9F15-4AC643DABC5C}.Debug|x64.ActiveCfg = Debug|x64
		{4C906FC3-9872-4C4E-9F15-4AC643DABC5C}.Debug|x64.Build.0 = Debug|x64
		{4C906FC3-9872-4C4E-9F15-4AC643DABC5C}.Debug|x64.Deploy.0 = Debug|x64
		{4C906FC3-9872-4C4E-9F15-4AC643DABC5C}.Debug|x86.ActiveCfg = Debug|x86
		{4C906FC3-9872-4C4E-9F15-4AC643DABC5C}.Debug|x86.Build.0 = Debug|x86
		{4C906FC3-9872-4C4E-9F15-4AC643DABC5C}.Debug|x86.Deploy.0 = Debug|x86
		{4C906FC3-9872-4C4E-9F15-4AC643DABC5C}.Release|Any CPU.ActiveCfg = Release|x86
		{4C906FC3-9872-4C4E-9F15-4AC643DABC5C}.Release|Any CPU.Build.0 = Release|x86
		{4C906FC3-9872-4C4E-9F15-4AC643DABC5C}.Release|Any CPU.Deploy.0 = Release|x86
		{4C906FC3-9872-4C4E-9F15-4AC643DABC5C}.Release|ARM.ActiveCfg = Release|ARM
		{4C906FC3-9872-4C4E-9F15-4AC643DABC5C}.Release|ARM.Build.0 = Release|ARM
		{4C906FC3-9872-4C4E-9F15-4AC643DABC5C}.Release|ARM.Deploy.0 = Release|ARM
		{4C906FC3-9872-4C4E-9F15-4AC643DABC5C}.Release|iPhone.ActiveCfg = Release|x86
		{4C906FC3-9872-4C4E-9F15-4AC643DABC5C}.Release|iPhone.Build.0 = Release|x86
		{4C906FC3-9872-4C4E-9F15-4AC643DABC5C}.Release|iPhone.Deploy.0 = Release|x86
		{4C906FC3-9872-4C4E-9F15-4AC643DABC5C}.Release|iPhoneSimulator.ActiveCfg = Release|x86
		{4C906FC3-9872-4C4E-9F15-4AC643DABC5C}.Release|iPhoneSimulator.Build.0 = Release|x86
		{4C906FC3-9872-4C4E-9F15-4AC643DABC5C}.Release|iPhoneSimulator.Deploy.0 = Release|x86
		{4C906FC3-9872-4C4E-9F15-4AC643DABC5C}.Release|x64.ActiveCfg = Release|x64
		{4C906FC3-9872-4C4E-9F15-4AC643DABC5C}.Release|x64.Build.0 = Release|x64
		{4C906FC3-9872-4C4E-9F15-4AC643DABC5C}.Release|x64.Deploy.0 = Release|x64
		{4C906FC3-9872-4C4E-9F15-4AC643DABC5C}.Release|x86.ActiveCfg = Release|x86
		{4C906FC3-9872-4C4E-9F15-4AC643DABC5C}.Release|x86.Build.0 = Release|x86
		{4C906FC3-9872-4C4E-9F15-4AC643DABC5C}.Release|x86.Deploy.0 = Release|x86
		{DAA7AA33-7C1B-443A-B8C2-5CD02B15E61D}.Debug|Any CPU.ActiveCfg = Debug|Any CPU
		{DAA7AA33-7C1B-443A-B8C2-5CD02B15E61D}.Debug|Any CPU.Build.0 = Debug|Any CPU
		{DAA7AA33-7C1B-443A-B8C2-5CD02B15E61D}.Debug|Any CPU.Deploy.0 = Debug|Any CPU
		{DAA7AA33-7C1B-443A-B8C2-5CD02B15E61D}.Debug|ARM.ActiveCfg = Debug|Any CPU
		{DAA7AA33-7C1B-443A-B8C2-5CD02B15E61D}.Debug|ARM.Build.0 = Debug|Any CPU
		{DAA7AA33-7C1B-443A-B8C2-5CD02B15E61D}.Debug|ARM.Deploy.0 = Debug|Any CPU
		{DAA7AA33-7C1B-443A-B8C2-5CD02B15E61D}.Debug|iPhone.ActiveCfg = Debug|Any CPU
		{DAA7AA33-7C1B-443A-B8C2-5CD02B15E61D}.Debug|iPhone.Build.0 = Debug|Any CPU
		{DAA7AA33-7C1B-443A-B8C2-5CD02B15E61D}.Debug|iPhone.Deploy.0 = Debug|Any CPU
		{DAA7AA33-7C1B-443A-B8C2-5CD02B15E61D}.Debug|iPhoneSimulator.ActiveCfg = Debug|Any CPU
		{DAA7AA33-7C1B-443A-B8C2-5CD02B15E61D}.Debug|iPhoneSimulator.Build.0 = Debug|Any CPU
		{DAA7AA33-7C1B-443A-B8C2-5CD02B15E61D}.Debug|iPhoneSimulator.Deploy.0 = Debug|Any CPU
		{DAA7AA33-7C1B-443A-B8C2-5CD02B15E61D}.Debug|x64.ActiveCfg = Debug|Any CPU
		{DAA7AA33-7C1B-443A-B8C2-5CD02B15E61D}.Debug|x64.Build.0 = Debug|Any CPU
		{DAA7AA33-7C1B-443A-B8C2-5CD02B15E61D}.Debug|x64.Deploy.0 = Debug|Any CPU
		{DAA7AA33-7C1B-443A-B8C2-5CD02B15E61D}.Debug|x86.ActiveCfg = Debug|Any CPU
		{DAA7AA33-7C1B-443A-B8C2-5CD02B15E61D}.Debug|x86.Build.0 = Debug|Any CPU
		{DAA7AA33-7C1B-443A-B8C2-5CD02B15E61D}.Debug|x86.Deploy.0 = Debug|Any CPU
		{DAA7AA33-7C1B-443A-B8C2-5CD02B15E61D}.Release|Any CPU.ActiveCfg = Release|Any CPU
		{DAA7AA33-7C1B-443A-B8C2-5CD02B15E61D}.Release|Any CPU.Build.0 = Release|Any CPU
		{DAA7AA33-7C1B-443A-B8C2-5CD02B15E61D}.Release|Any CPU.Deploy.0 = Release|Any CPU
		{DAA7AA33-7C1B-443A-B8C2-5CD02B15E61D}.Release|ARM.ActiveCfg = Release|Any CPU
		{DAA7AA33-7C1B-443A-B8C2-5CD02B15E61D}.Release|ARM.Build.0 = Release|Any CPU
		{DAA7AA33-7C1B-443A-B8C2-5CD02B15E61D}.Release|ARM.Deploy.0 = Release|Any CPU
		{DAA7AA33-7C1B-443A-B8C2-5CD02B15E61D}.Release|iPhone.ActiveCfg = Release|Any CPU
		{DAA7AA33-7C1B-443A-B8C2-5CD02B15E61D}.Release|iPhone.Build.0 = Release|Any CPU
		{DAA7AA33-7C1B-443A-B8C2-5CD02B15E61D}.Release|iPhone.Deploy.0 = Release|Any CPU
		{DAA7AA33-7C1B-443A-B8C2-5CD02B15E61D}.Release|iPhoneSimulator.ActiveCfg = Release|Any CPU
		{DAA7AA33-7C1B-443A-B8C2-5CD02B15E61D}.Release|iPhoneSimulator.Build.0 = Release|Any CPU
		{DAA7AA33-7C1B-443A-B8C2-5CD02B15E61D}.Release|iPhoneSimulator.Deploy.0 = Release|Any CPU
		{DAA7AA33-7C1B-443A-B8C2-5CD02B15E61D}.Release|x64.ActiveCfg = Release|Any CPU
		{DAA7AA33-7C1B-443A-B8C2-5CD02B15E61D}.Release|x64.Build.0 = Release|Any CPU
		{DAA7AA33-7C1B-443A-B8C2-5CD02B15E61D}.Release|x64.Deploy.0 = Release|Any CPU
		{DAA7AA33-7C1B-443A-B8C2-5CD02B15E61D}.Release|x86.ActiveCfg = Release|Any CPU
		{DAA7AA33-7C1B-443A-B8C2-5CD02B15E61D}.Release|x86.Build.0 = Release|Any CPU
		{DAA7AA33-7C1B-443A-B8C2-5CD02B15E61D}.Release|x86.Deploy.0 = Release|Any CPU
		{2ABC2F2D-018B-4DDC-96DE-5424799FD8B4}.Debug|Any CPU.ActiveCfg = Debug|iPhone
		{2ABC2F2D-018B-4DDC-96DE-5424799FD8B4}.Debug|Any CPU.Build.0 = Debug|iPhone
		{2ABC2F2D-018B-4DDC-96DE-5424799FD8B4}.Debug|Any CPU.Deploy.0 = Debug|iPhone
		{2ABC2F2D-018B-4DDC-96DE-5424799FD8B4}.Debug|ARM.ActiveCfg = Debug|iPhoneSimulator
		{2ABC2F2D-018B-4DDC-96DE-5424799FD8B4}.Debug|ARM.Build.0 = Debug|iPhoneSimulator
		{2ABC2F2D-018B-4DDC-96DE-5424799FD8B4}.Debug|ARM.Deploy.0 = Debug|iPhoneSimulator
		{2ABC2F2D-018B-4DDC-96DE-5424799FD8B4}.Debug|iPhone.ActiveCfg = Debug|iPhone
		{2ABC2F2D-018B-4DDC-96DE-5424799FD8B4}.Debug|iPhone.Build.0 = Debug|iPhone
		{2ABC2F2D-018B-4DDC-96DE-5424799FD8B4}.Debug|iPhone.Deploy.0 = Debug|iPhone
		{2ABC2F2D-018B-4DDC-96DE-5424799FD8B4}.Debug|iPhoneSimulator.ActiveCfg = Debug|iPhoneSimulator
		{2ABC2F2D-018B-4DDC-96DE-5424799FD8B4}.Debug|iPhoneSimulator.Build.0 = Debug|iPhoneSimulator
		{2ABC2F2D-018B-4DDC-96DE-5424799FD8B4}.Debug|iPhoneSimulator.Deploy.0 = Debug|iPhoneSimulator
		{2ABC2F2D-018B-4DDC-96DE-5424799FD8B4}.Debug|x64.ActiveCfg = Debug|iPhone
		{2ABC2F2D-018B-4DDC-96DE-5424799FD8B4}.Debug|x64.Build.0 = Debug|iPhone
		{2ABC2F2D-018B-4DDC-96DE-5424799FD8B4}.Debug|x64.Deploy.0 = Debug|iPhone
		{2ABC2F2D-018B-4DDC-96DE-5424799FD8B4}.Debug|x86.ActiveCfg = Debug|iPhone
		{2ABC2F2D-018B-4DDC-96DE-5424799FD8B4}.Debug|x86.Build.0 = Debug|iPhone
		{2ABC2F2D-018B-4DDC-96DE-5424799FD8B4}.Debug|x86.Deploy.0 = Debug|iPhone
		{2ABC2F2D-018B-4DDC-96DE-5424799FD8B4}.Release|Any CPU.ActiveCfg = Release|iPhone
		{2ABC2F2D-018B-4DDC-96DE-5424799FD8B4}.Release|Any CPU.Build.0 = Release|iPhone
		{2ABC2F2D-018B-4DDC-96DE-5424799FD8B4}.Release|Any CPU.Deploy.0 = Release|iPhone
		{2ABC2F2D-018B-4DDC-96DE-5424799FD8B4}.Release|ARM.ActiveCfg = Release|iPhone
		{2ABC2F2D-018B-4DDC-96DE-5424799FD8B4}.Release|ARM.Build.0 = Release|iPhone
		{2ABC2F2D-018B-4DDC-96DE-5424799FD8B4}.Release|ARM.Deploy.0 = Release|iPhone
		{2ABC2F2D-018B-4DDC-96DE-5424799FD8B4}.Release|iPhone.ActiveCfg = Release|iPhone
		{2ABC2F2D-018B-4DDC-96DE-5424799FD8B4}.Release|iPhone.Build.0 = Release|iPhone
		{2ABC2F2D-018B-4DDC-96DE-5424799FD8B4}.Release|iPhone.Deploy.0 = Release|iPhone
		{2ABC2F2D-018B-4DDC-96DE-5424799FD8B4}.Release|iPhoneSimulator.ActiveCfg = Release|iPhoneSimulator
		{2ABC2F2D-018B-4DDC-96DE-5424799FD8B4}.Release|iPhoneSimulator.Build.0 = Release|iPhoneSimulator
		{2ABC2F2D-018B-4DDC-96DE-5424799FD8B4}.Release|iPhoneSimulator.Deploy.0 = Release|iPhoneSimulator
		{2ABC2F2D-018B-4DDC-96DE-5424799FD8B4}.Release|x64.ActiveCfg = Release|iPhone
		{2ABC2F2D-018B-4DDC-96DE-5424799FD8B4}.Release|x64.Build.0 = Release|iPhone
		{2ABC2F2D-018B-4DDC-96DE-5424799FD8B4}.Release|x64.Deploy.0 = Release|iPhone
		{2ABC2F2D-018B-4DDC-96DE-5424799FD8B4}.Release|x86.ActiveCfg = Release|iPhone
		{2ABC2F2D-018B-4DDC-96DE-5424799FD8B4}.Release|x86.Build.0 = Release|iPhone
		{2ABC2F2D-018B-4DDC-96DE-5424799FD8B4}.Release|x86.Deploy.0 = Release|iPhone
		{9D96198D-0FF0-4B18-B607-F8BD4FF4177A}.Debug|Any CPU.ActiveCfg = Debug|Any CPU
		{9D96198D-0FF0-4B18-B607-F8BD4FF4177A}.Debug|Any CPU.Build.0 = Debug|Any CPU
		{9D96198D-0FF0-4B18-B607-F8BD4FF4177A}.Debug|Any CPU.Deploy.0 = Debug|Any CPU
		{9D96198D-0FF0-4B18-B607-F8BD4FF4177A}.Debug|ARM.ActiveCfg = Debug|Any CPU
		{9D96198D-0FF0-4B18-B607-F8BD4FF4177A}.Debug|ARM.Build.0 = Debug|Any CPU
		{9D96198D-0FF0-4B18-B607-F8BD4FF4177A}.Debug|ARM.Deploy.0 = Debug|Any CPU
		{9D96198D-0FF0-4B18-B607-F8BD4FF4177A}.Debug|iPhone.ActiveCfg = Debug|Any CPU
		{9D96198D-0FF0-4B18-B607-F8BD4FF4177A}.Debug|iPhone.Build.0 = Debug|Any CPU
		{9D96198D-0FF0-4B18-B607-F8BD4FF4177A}.Debug|iPhone.Deploy.0 = Debug|Any CPU
		{9D96198D-0FF0-4B18-B607-F8BD4FF4177A}.Debug|iPhoneSimulator.ActiveCfg = Debug|Any CPU
		{9D96198D-0FF0-4B18-B607-F8BD4FF4177A}.Debug|iPhoneSimulator.Build.0 = Debug|Any CPU
		{9D96198D-0FF0-4B18-B607-F8BD4FF4177A}.Debug|iPhoneSimulator.Deploy.0 = Debug|Any CPU
		{9D96198D-0FF0-4B18-B607-F8BD4FF4177A}.Debug|x64.ActiveCfg = Debug|Any CPU
		{9D96198D-0FF0-4B18-B607-F8BD4FF4177A}.Debug|x64.Build.0 = Debug|Any CPU
		{9D96198D-0FF0-4B18-B607-F8BD4FF4177A}.Debug|x64.Deploy.0 = Debug|Any CPU
		{9D96198D-0FF0-4B18-B607-F8BD4FF4177A}.Debug|x86.ActiveCfg = Debug|Any CPU
		{9D96198D-0FF0-4B18-B607-F8BD4FF4177A}.Debug|x86.Build.0 = Debug|Any CPU
		{9D96198D-0FF0-4B18-B607-F8BD4FF4177A}.Debug|x86.Deploy.0 = Debug|Any CPU
		{9D96198D-0FF0-4B18-B607-F8BD4FF4177A}.Release|Any CPU.ActiveCfg = Release|Any CPU
		{9D96198D-0FF0-4B18-B607-F8BD4FF4177A}.Release|Any CPU.Build.0 = Release|Any CPU
		{9D96198D-0FF0-4B18-B607-F8BD4FF4177A}.Release|Any CPU.Deploy.0 = Release|Any CPU
		{9D96198D-0FF0-4B18-B607-F8BD4FF4177A}.Release|ARM.ActiveCfg = Release|Any CPU
		{9D96198D-0FF0-4B18-B607-F8BD4FF4177A}.Release|ARM.Build.0 = Release|Any CPU
		{9D96198D-0FF0-4B18-B607-F8BD4FF4177A}.Release|ARM.Deploy.0 = Release|Any CPU
		{9D96198D-0FF0-4B18-B607-F8BD4FF4177A}.Release|iPhone.ActiveCfg = Release|Any CPU
		{9D96198D-0FF0-4B18-B607-F8BD4FF4177A}.Release|iPhone.Build.0 = Release|Any CPU
		{9D96198D-0FF0-4B18-B607-F8BD4FF4177A}.Release|iPhone.Deploy.0 = Release|Any CPU
		{9D96198D-0FF0-4B18-B607-F8BD4FF4177A}.Release|iPhoneSimulator.ActiveCfg = Release|Any CPU
		{9D96198D-0FF0-4B18-B607-F8BD4FF4177A}.Release|iPhoneSimulator.Build.0 = Release|Any CPU
		{9D96198D-0FF0-4B18-B607-F8BD4FF4177A}.Release|iPhoneSimulator.Deploy.0 = Release|Any CPU
		{9D96198D-0FF0-4B18-B607-F8BD4FF4177A}.Release|x64.ActiveCfg = Release|Any CPU
		{9D96198D-0FF0-4B18-B607-F8BD4FF4177A}.Release|x64.Build.0 = Release|Any CPU
		{9D96198D-0FF0-4B18-B607-F8BD4FF4177A}.Release|x64.Deploy.0 = Release|Any CPU
		{9D96198D-0FF0-4B18-B607-F8BD4FF4177A}.Release|x86.ActiveCfg = Release|Any CPU
		{9D96198D-0FF0-4B18-B607-F8BD4FF4177A}.Release|x86.Build.0 = Release|Any CPU
		{9D96198D-0FF0-4B18-B607-F8BD4FF4177A}.Release|x86.Deploy.0 = Release|Any CPU
	EndGlobalSection
	GlobalSection(SolutionProperties) = preSolution
		HideSolutionNode = FALSE
	EndGlobalSection
	GlobalSection(ExtensibilityGlobals) = postSolution
		SolutionGuid = {2F27D148-F6D7-4385-B6D0-C15F42FCBC7E}
	EndGlobalSection
EndGlobal
