
Microsoft Visual Studio Solution File, Format Version 12.00
# Visual Studio Version 16
VisualStudioVersion = 16.0.29424.173
MinimumVisualStudioVersion = 10.0.40219.1
Project("{FAE04EC0-301F-11D3-BF4B-00C04F79EFBC}") = "App02_TipoPaginaXF.UWP", "App02_TipoPaginaXF\App02_TipoPaginaXF.UWP\App02_TipoPaginaXF.UWP.csproj", "{C2704FE0-20E6-4A01-A53D-6F498E658021}"
EndProject
Project("{FAE04EC0-301F-11D3-BF4B-00C04F79EFBC}") = "App02_TipoPaginaXF.Android", "App02_TipoPaginaXF\App02_TipoPaginaXF.Android\App02_TipoPaginaXF.Android.csproj", "{FE2EC09E-455A-43F7-AB6A-BC66417F371D}"
EndProject
Project("{FAE04EC0-301F-11D3-BF4B-00C04F79EFBC}") = "App02_TipoPaginaXF.iOS", "App02_TipoPaginaXF\App02_TipoPaginaXF.iOS\App02_TipoPaginaXF.iOS.csproj", "{17C78600-23FB-49AC-8771-4E7AFD3294FE}"
EndProject
Project("{FAE04EC0-301F-11D3-BF4B-00C04F79EFBC}") = "App02_TipoPaginaXF", "App02_TipoPaginaXF\App02_TipoPaginaXF\App02_TipoPaginaXF.csproj", "{489E978E-62B3-435B-B67A-9EF868B52375}"
EndProject
Global
	GlobalSection(SolutionConfigurationPlatforms) = preSolution
		Debug|Any CPU = Debug|Any CPU
		Debug|ARM = Debug|ARM
		Debug|iPhone = Debug|iPhone
		Debug|iPhoneSimulator = Debug|iPhoneSimulator
		Debug|x64 = Debug|x64
		Debug|x86 = Debug|x86
		Release|Any CPU = Release|Any CPU
		Release|ARM = Release|ARM
		Release|iPhone = Release|iPhone
		Release|iPhoneSimulator = Release|iPhoneSimulator
		Release|x64 = Release|x64
		Release|x86 = Release|x86
	EndGlobalSection
	GlobalSection(ProjectConfigurationPlatforms) = postSolution
		{C2704FE0-20E6-4A01-A53D-6F498E658021}.Debug|Any CPU.ActiveCfg = Debug|x86
		{C2704FE0-20E6-4A01-A53D-6F498E658021}.Debug|Any CPU.Build.0 = Debug|x86
		{C2704FE0-20E6-4A01-A53D-6F498E658021}.Debug|Any CPU.Deploy.0 = Debug|x86
		{C2704FE0-20E6-4A01-A53D-6F498E658021}.Debug|ARM.ActiveCfg = Debug|ARM
		{C2704FE0-20E6-4A01-A53D-6F498E658021}.Debug|ARM.Build.0 = Debug|ARM
		{C2704FE0-20E6-4A01-A53D-6F498E658021}.Debug|ARM.Deploy.0 = Debug|ARM
		{C2704FE0-20E6-4A01-A53D-6F498E658021}.Debug|iPhone.ActiveCfg = Debug|x86
		{C2704FE0-20E6-4A01-A53D-6F498E658021}.Debug|iPhone.Build.0 = Debug|x86
		{C2704FE0-20E6-4A01-A53D-6F498E658021}.Debug|iPhone.Deploy.0 = Debug|x86
		{C2704FE0-20E6-4A01-A53D-6F498E658021}.Debug|iPhoneSimulator.ActiveCfg = Debug|x86
		{C2704FE0-20E6-4A01-A53D-6F498E658021}.Debug|iPhoneSimulator.Build.0 = Debug|x86
		{C2704FE0-20E6-4A01-A53D-6F498E658021}.Debug|iPhoneSimulator.Deploy.0 = Debug|x86
		{C2704FE0-20E6-4A01-A53D-6F498E658021}.Debug|x64.ActiveCfg = Debug|x64
		{C2704FE0-20E6-4A01-A53D-6F498E658021}.Debug|x64.Build.0 = Debug|x64
		{C2704FE0-20E6-4A01-A53D-6F498E658021}.Debug|x64.Deploy.0 = Debug|x64
		{C2704FE0-20E6-4A01-A53D-6F498E658021}.Debug|x86.ActiveCfg = Debug|x86
		{C2704FE0-20E6-4A01-A53D-6F498E658021}.Debug|x86.Build.0 = Debug|x86
		{C2704FE0-20E6-4A01-A53D-6F498E658021}.Debug|x86.Deploy.0 = Debug|x86
		{C2704FE0-20E6-4A01-A53D-6F498E658021}.Release|Any CPU.ActiveCfg = Release|x86
		{C2704FE0-20E6-4A01-A53D-6F498E658021}.Release|Any CPU.Build.0 = Release|x86
		{C2704FE0-20E6-4A01-A53D-6F498E658021}.Release|Any CPU.Deploy.0 = Release|x86
		{C2704FE0-20E6-4A01-A53D-6F498E658021}.Release|ARM.ActiveCfg = Release|ARM
		{C2704FE0-20E6-4A01-A53D-6F498E658021}.Release|ARM.Build.0 = Release|ARM
		{C2704FE0-20E6-4A01-A53D-6F498E658021}.Release|ARM.Deploy.0 = Release|ARM
		{C2704FE0-20E6-4A01-A53D-6F498E658021}.Release|iPhone.ActiveCfg = Release|x86
		{C2704FE0-20E6-4A01-A53D-6F498E658021}.Release|iPhone.Build.0 = Release|x86
		{C2704FE0-20E6-4A01-A53D-6F498E658021}.Release|iPhone.Deploy.0 = Release|x86
		{C2704FE0-20E6-4A01-A53D-6F498E658021}.Release|iPhoneSimulator.ActiveCfg = Release|x86
		{C2704FE0-20E6-4A01-A53D-6F498E658021}.Release|iPhoneSimulator.Build.0 = Release|x86
		{C2704FE0-20E6-4A01-A53D-6F498E658021}.Release|iPhoneSimulator.Deploy.0 = Release|x86
		{C2704FE0-20E6-4A01-A53D-6F498E658021}.Release|x64.ActiveCfg = Release|x64
		{C2704FE0-20E6-4A01-A53D-6F498E658021}.Release|x64.Build.0 = Release|x64
		{C2704FE0-20E6-4A01-A53D-6F498E658021}.Release|x64.Deploy.0 = Release|x64
		{C2704FE0-20E6-4A01-A53D-6F498E658021}.Release|x86.ActiveCfg = Release|x86
		{C2704FE0-20E6-4A01-A53D-6F498E658021}.Release|x86.Build.0 = Release|x86
		{C2704FE0-20E6-4A01-A53D-6F498E658021}.Release|x86.Deploy.0 = Release|x86
		{FE2EC09E-455A-43F7-AB6A-BC66417F371D}.Debug|Any CPU.ActiveCfg = Debug|Any CPU
		{FE2EC09E-455A-43F7-AB6A-BC66417F371D}.Debug|Any CPU.Build.0 = Debug|Any CPU
		{FE2EC09E-455A-43F7-AB6A-BC66417F371D}.Debug|Any CPU.Deploy.0 = Debug|Any CPU
		{FE2EC09E-455A-43F7-AB6A-BC66417F371D}.Debug|ARM.ActiveCfg = Debug|Any CPU
		{FE2EC09E-455A-43F7-AB6A-BC66417F371D}.Debug|ARM.Build.0 = Debug|Any CPU
		{FE2EC09E-455A-43F7-AB6A-BC66417F371D}.Debug|ARM.Deploy.0 = Debug|Any CPU
		{FE2EC09E-455A-43F7-AB6A-BC66417F371D}.Debug|iPhone.ActiveCfg = Debug|Any CPU
		{FE2EC09E-455A-43F7-AB6A-BC66417F371D}.Debug|iPhone.Build.0 = Debug|Any CPU
		{FE2EC09E-455A-43F7-AB6A-BC66417F371D}.Debug|iPhone.Deploy.0 = Debug|Any CPU
		{FE2EC09E-455A-43F7-AB6A-BC66417F371D}.Debug|iPhoneSimulator.ActiveCfg = Debug|Any CPU
		{FE2EC09E-455A-43F7-AB6A-BC66417F371D}.Debug|iPhoneSimulator.Build.0 = Debug|Any CPU
		{FE2EC09E-455A-43F7-AB6A-BC66417F371D}.Debug|iPhoneSimulator.Deploy.0 = Debug|Any CPU
		{FE2EC09E-455A-43F7-AB6A-BC66417F371D}.Debug|x64.ActiveCfg = Debug|Any CPU
		{FE2EC09E-455A-43F7-AB6A-BC66417F371D}.Debug|x64.Build.0 = Debug|Any CPU
		{FE2EC09E-455A-43F7-AB6A-BC66417F371D}.Debug|x64.Deploy.0 = Debug|Any CPU
		{FE2EC09E-455A-43F7-AB6A-BC66417F371D}.Debug|x86.ActiveCfg = Debug|Any CPU
		{FE2EC09E-455A-43F7-AB6A-BC66417F371D}.Debug|x86.Build.0 = Debug|Any CPU
		{FE2EC09E-455A-43F7-AB6A-BC66417F371D}.Debug|x86.Deploy.0 = Debug|Any CPU
		{FE2EC09E-455A-43F7-AB6A-BC66417F371D}.Release|Any CPU.ActiveCfg = Release|Any CPU
		{FE2EC09E-455A-43F7-AB6A-BC66417F371D}.Release|Any CPU.Build.0 = Release|Any CPU
		{FE2EC09E-455A-43F7-AB6A-BC66417F371D}.Release|Any CPU.Deploy.0 = Release|Any CPU
		{FE2EC09E-455A-43F7-AB6A-BC66417F371D}.Release|ARM.ActiveCfg = Release|Any CPU
		{FE2EC09E-455A-43F7-AB6A-BC66417F371D}.Release|ARM.Build.0 = Release|Any CPU
		{FE2EC09E-455A-43F7-AB6A-BC66417F371D}.Release|ARM.Deploy.0 = Release|Any CPU
		{FE2EC09E-455A-43F7-AB6A-BC66417F371D}.Release|iPhone.ActiveCfg = Release|Any CPU
		{FE2EC09E-455A-43F7-AB6A-BC66417F371D}.Release|iPhone.Build.0 = Release|Any CPU
		{FE2EC09E-455A-43F7-AB6A-BC66417F371D}.Release|iPhone.Deploy.0 = Release|Any CPU
		{FE2EC09E-455A-43F7-AB6A-BC66417F371D}.Release|iPhoneSimulator.ActiveCfg = Release|Any CPU
		{FE2EC09E-455A-43F7-AB6A-BC66417F371D}.Release|iPhoneSimulator.Build.0 = Release|Any CPU
		{FE2EC09E-455A-43F7-AB6A-BC66417F371D}.Release|iPhoneSimulator.Deploy.0 = Release|Any CPU
		{FE2EC09E-455A-43F7-AB6A-BC66417F371D}.Release|x64.ActiveCfg = Release|Any CPU
		{FE2EC09E-455A-43F7-AB6A-BC66417F371D}.Release|x64.Build.0 = Release|Any CPU
		{FE2EC09E-455A-43F7-AB6A-BC66417F371D}.Release|x64.Deploy.0 = Release|Any CPU
		{FE2EC09E-455A-43F7-AB6A-BC66417F371D}.Release|x86.ActiveCfg = Release|Any CPU
		{FE2EC09E-455A-43F7-AB6A-BC66417F371D}.Release|x86.Build.0 = Release|Any CPU
		{FE2EC09E-455A-43F7-AB6A-BC66417F371D}.Release|x86.Deploy.0 = Release|Any CPU
		{17C78600-23FB-49AC-8771-4E7AFD3294FE}.Debug|Any CPU.ActiveCfg = Debug|iPhone
		{17C78600-23FB-49AC-8771-4E7AFD3294FE}.Debug|Any CPU.Build.0 = Debug|iPhone
		{17C78600-23FB-49AC-8771-4E7AFD3294FE}.Debug|Any CPU.Deploy.0 = Debug|iPhone
		{17C78600-23FB-49AC-8771-4E7AFD3294FE}.Debug|ARM.ActiveCfg = Debug|iPhoneSimulator
		{17C78600-23FB-49AC-8771-4E7AFD3294FE}.Debug|ARM.Build.0 = Debug|iPhoneSimulator
		{17C78600-23FB-49AC-8771-4E7AFD3294FE}.Debug|ARM.Deploy.0 = Debug|iPhoneSimulator
		{17C78600-23FB-49AC-8771-4E7AFD3294FE}.Debug|iPhone.ActiveCfg = Debug|iPhone
		{17C78600-23FB-49AC-8771-4E7AFD3294FE}.Debug|iPhone.Build.0 = Debug|iPhone
		{17C78600-23FB-49AC-8771-4E7AFD3294FE}.Debug|iPhone.Deploy.0 = Debug|iPhone
		{17C78600-23FB-49AC-8771-4E7AFD3294FE}.Debug|iPhoneSimulator.ActiveCfg = Debug|iPhoneSimulator
		{17C78600-23FB-49AC-8771-4E7AFD3294FE}.Debug|iPhoneSimulator.Build.0 = Debug|iPhoneSimulator
		{17C78600-23FB-49AC-8771-4E7AFD3294FE}.Debug|iPhoneSimulator.Deploy.0 = Debug|iPhoneSimulator
		{17C78600-23FB-49AC-8771-4E7AFD3294FE}.Debug|x64.ActiveCfg = Debug|iPhone
		{17C78600-23FB-49AC-8771-4E7AFD3294FE}.Debug|x64.Build.0 = Debug|iPhone
		{17C78600-23FB-49AC-8771-4E7AFD3294FE}.Debug|x64.Deploy.0 = Debug|iPhone
		{17C78600-23FB-49AC-8771-4E7AFD3294FE}.Debug|x86.ActiveCfg = Debug|iPhone
		{17C78600-23FB-49AC-8771-4E7AFD3294FE}.Debug|x86.Build.0 = Debug|iPhone
		{17C78600-23FB-49AC-8771-4E7AFD3294FE}.Debug|x86.Deploy.0 = Debug|iPhone
		{17C78600-23FB-49AC-8771-4E7AFD3294FE}.Release|Any CPU.ActiveCfg = Release|iPhone
		{17C78600-23FB-49AC-8771-4E7AFD3294FE}.Release|Any CPU.Build.0 = Release|iPhone
		{17C78600-23FB-49AC-8771-4E7AFD3294FE}.Release|Any CPU.Deploy.0 = Release|iPhone
		{17C78600-23FB-49AC-8771-4E7AFD3294FE}.Release|ARM.ActiveCfg = Release|iPhone
		{17C78600-23FB-49AC-8771-4E7AFD3294FE}.Release|ARM.Build.0 = Release|iPhone
		{17C78600-23FB-49AC-8771-4E7AFD3294FE}.Release|ARM.Deploy.0 = Release|iPhone
		{17C78600-23FB-49AC-8771-4E7AFD3294FE}.Release|iPhone.ActiveCfg = Release|iPhone
		{17C78600-23FB-49AC-8771-4E7AFD3294FE}.Release|iPhone.Build.0 = Release|iPhone
		{17C78600-23FB-49AC-8771-4E7AFD3294FE}.Release|iPhone.Deploy.0 = Release|iPhone
		{17C78600-23FB-49AC-8771-4E7AFD3294FE}.Release|iPhoneSimulator.ActiveCfg = Release|iPhoneSimulator
		{17C78600-23FB-49AC-8771-4E7AFD3294FE}.Release|iPhoneSimulator.Build.0 = Release|iPhoneSimulator
		{17C78600-23FB-49AC-8771-4E7AFD3294FE}.Release|iPhoneSimulator.Deploy.0 = Release|iPhoneSimulator
		{17C78600-23FB-49AC-8771-4E7AFD3294FE}.Release|x64.ActiveCfg = Release|iPhone
		{17C78600-23FB-49AC-8771-4E7AFD3294FE}.Release|x64.Build.0 = Release|iPhone
		{17C78600-23FB-49AC-8771-4E7AFD3294FE}.Release|x64.Deploy.0 = Release|iPhone
		{17C78600-23FB-49AC-8771-4E7AFD3294FE}.Release|x86.ActiveCfg = Release|iPhone
		{17C78600-23FB-49AC-8771-4E7AFD3294FE}.Release|x86.Build.0 = Release|iPhone
		{17C78600-23FB-49AC-8771-4E7AFD3294FE}.Release|x86.Deploy.0 = Release|iPhone
		{489E978E-62B3-435B-B67A-9EF868B52375}.Debug|Any CPU.ActiveCfg = Debug|Any CPU
		{489E978E-62B3-435B-B67A-9EF868B52375}.Debug|Any CPU.Build.0 = Debug|Any CPU
		{489E978E-62B3-435B-B67A-9EF868B52375}.Debug|Any CPU.Deploy.0 = Debug|Any CPU
		{489E978E-62B3-435B-B67A-9EF868B52375}.Debug|ARM.ActiveCfg = Debug|Any CPU
		{489E978E-62B3-435B-B67A-9EF868B52375}.Debug|ARM.Build.0 = Debug|Any CPU
		{489E978E-62B3-435B-B67A-9EF868B52375}.Debug|ARM.Deploy.0 = Debug|Any CPU
		{489E978E-62B3-435B-B67A-9EF868B52375}.Debug|iPhone.ActiveCfg = Debug|Any CPU
		{489E978E-62B3-435B-B67A-9EF868B52375}.Debug|iPhone.Build.0 = Debug|Any CPU
		{489E978E-62B3-435B-B67A-9EF868B52375}.Debug|iPhone.Deploy.0 = Debug|Any CPU
		{489E978E-62B3-435B-B67A-9EF868B52375}.Debug|iPhoneSimulator.ActiveCfg = Debug|Any CPU
		{489E978E-62B3-435B-B67A-9EF868B52375}.Debug|iPhoneSimulator.Build.0 = Debug|Any CPU
		{489E978E-62B3-435B-B67A-9EF868B52375}.Debug|iPhoneSimulator.Deploy.0 = Debug|Any CPU
		{489E978E-62B3-435B-B67A-9EF868B52375}.Debug|x64.ActiveCfg = Debug|Any CPU
		{489E978E-62B3-435B-B67A-9EF868B52375}.Debug|x64.Build.0 = Debug|Any CPU
		{489E978E-62B3-435B-B67A-9EF868B52375}.Debug|x64.Deploy.0 = Debug|Any CPU
		{489E978E-62B3-435B-B67A-9EF868B52375}.Debug|x86.ActiveCfg = Debug|Any CPU
		{489E978E-62B3-435B-B67A-9EF868B52375}.Debug|x86.Build.0 = Debug|Any CPU
		{489E978E-62B3-435B-B67A-9EF868B52375}.Debug|x86.Deploy.0 = Debug|Any CPU
		{489E978E-62B3-435B-B67A-9EF868B52375}.Release|Any CPU.ActiveCfg = Release|Any CPU
		{489E978E-62B3-435B-B67A-9EF868B52375}.Release|Any CPU.Build.0 = Release|Any CPU
		{489E978E-62B3-435B-B67A-9EF868B52375}.Release|Any CPU.Deploy.0 = Release|Any CPU
		{489E978E-62B3-435B-B67A-9EF868B52375}.Release|ARM.ActiveCfg = Release|Any CPU
		{489E978E-62B3-435B-B67A-9EF868B52375}.Release|ARM.Build.0 = Release|Any CPU
		{489E978E-62B3-435B-B67A-9EF868B52375}.Release|ARM.Deploy.0 = Release|Any CPU
		{489E978E-62B3-435B-B67A-9EF868B52375}.Release|iPhone.ActiveCfg = Release|Any CPU
		{489E978E-62B3-435B-B67A-9EF868B52375}.Release|iPhone.Build.0 = Release|Any CPU
		{489E978E-62B3-435B-B67A-9EF868B52375}.Release|iPhone.Deploy.0 = Release|Any CPU
		{489E978E-62B3-435B-B67A-9EF868B52375}.Release|iPhoneSimulator.ActiveCfg = Release|Any CPU
		{489E978E-62B3-435B-B67A-9EF868B52375}.Release|iPhoneSimulator.Build.0 = Release|Any CPU
		{489E978E-62B3-435B-B67A-9EF868B52375}.Release|iPhoneSimulator.Deploy.0 = Release|Any CPU
		{489E978E-62B3-435B-B67A-9EF868B52375}.Release|x64.ActiveCfg = Release|Any CPU
		{489E978E-62B3-435B-B67A-9EF868B52375}.Release|x64.Build.0 = Release|Any CPU
		{489E978E-62B3-435B-B67A-9EF868B52375}.Release|x64.Deploy.0 = Release|Any CPU
		{489E978E-62B3-435B-B67A-9EF868B52375}.Release|x86.ActiveCfg = Release|Any CPU
		{489E978E-62B3-435B-B67A-9EF868B52375}.Release|x86.Build.0 = Release|Any CPU
		{489E978E-62B3-435B-B67A-9EF868B52375}.Release|x86.Deploy.0 = Release|Any CPU
	EndGlobalSection
	GlobalSection(SolutionProperties) = preSolution
		HideSolutionNode = FALSE
	EndGlobalSection
	GlobalSection(ExtensibilityGlobals) = postSolution
		SolutionGuid = {3A38E250-F7A9-4A8C-AD81-CDE8A3238609}
	EndGlobalSection
EndGlobal
