
Microsoft Visual Studio Solution File, Format Version 12.00
# Visual Studio Version 16
VisualStudioVersion = 16.0.29503.13
MinimumVisualStudioVersion = 10.0.40219.1
Project("{FAE04EC0-301F-11D3-BF4B-00C04F79EFBC}") = "App02_Xamarin.UWP", "App02_Xamarin\App02_Xamarin.UWP\App02_Xamarin.UWP.csproj", "{3E3F1670-0A9B-45E0-AE2E-D85068F14A09}"
EndProject
Project("{FAE04EC0-301F-11D3-BF4B-00C04F79EFBC}") = "App02_Xamarin.Android", "App02_Xamarin\App02_Xamarin.Android\App02_Xamarin.Android.csproj", "{BDF3B649-CD7E-4214-AFA1-E437846B4E86}"
EndProject
Project("{FAE04EC0-301F-11D3-BF4B-00C04F79EFBC}") = "App02_Xamarin.iOS", "App02_Xamarin\App02_Xamarin.iOS\App02_Xamarin.iOS.csproj", "{06DE788B-0E14-4960-97D2-C023D6E76C30}"
EndProject
Project("{FAE04EC0-301F-11D3-BF4B-00C04F79EFBC}") = "App02_Xamarin", "App02_Xamarin\App02_Xamarin\App02_Xamarin.csproj", "{CDB5F934-7A8E-4C46-A52F-239D154830DB}"
EndProject
Global
	GlobalSection(SolutionConfigurationPlatforms) = preSolution
		Debug|Any CPU = Debug|Any CPU
		Debug|ARM = Debug|ARM
		Debug|iPhone = Debug|iPhone
		Debug|iPhoneSimulator = Debug|iPhoneSimulator
		Debug|x64 = Debug|x64
		Debug|x86 = Debug|x86
		Release|Any CPU = Release|Any CPU
		Release|ARM = Release|ARM
		Release|iPhone = Release|iPhone
		Release|iPhoneSimulator = Release|iPhoneSimulator
		Release|x64 = Release|x64
		Release|x86 = Release|x86
	EndGlobalSection
	GlobalSection(ProjectConfigurationPlatforms) = postSolution
		{3E3F1670-0A9B-45E0-AE2E-D85068F14A09}.Debug|Any CPU.ActiveCfg = Debug|x86
		{3E3F1670-0A9B-45E0-AE2E-D85068F14A09}.Debug|Any CPU.Build.0 = Debug|x86
		{3E3F1670-0A9B-45E0-AE2E-D85068F14A09}.Debug|Any CPU.Deploy.0 = Debug|x86
		{3E3F1670-0A9B-45E0-AE2E-D85068F14A09}.Debug|ARM.ActiveCfg = Debug|ARM
		{3E3F1670-0A9B-45E0-AE2E-D85068F14A09}.Debug|ARM.Build.0 = Debug|ARM
		{3E3F1670-0A9B-45E0-AE2E-D85068F14A09}.Debug|ARM.Deploy.0 = Debug|ARM
		{3E3F1670-0A9B-45E0-AE2E-D85068F14A09}.Debug|iPhone.ActiveCfg = Debug|x86
		{3E3F1670-0A9B-45E0-AE2E-D85068F14A09}.Debug|iPhone.Build.0 = Debug|x86
		{3E3F1670-0A9B-45E0-AE2E-D85068F14A09}.Debug|iPhone.Deploy.0 = Debug|x86
		{3E3F1670-0A9B-45E0-AE2E-D85068F14A09}.Debug|iPhoneSimulator.ActiveCfg = Debug|x86
		{3E3F1670-0A9B-45E0-AE2E-D85068F14A09}.Debug|iPhoneSimulator.Build.0 = Debug|x86
		{3E3F1670-0A9B-45E0-AE2E-D85068F14A09}.Debug|iPhoneSimulator.Deploy.0 = Debug|x86
		{3E3F1670-0A9B-45E0-AE2E-D85068F14A09}.Debug|x64.ActiveCfg = Debug|x64
		{3E3F1670-0A9B-45E0-AE2E-D85068F14A09}.Debug|x64.Build.0 = Debug|x64
		{3E3F1670-0A9B-45E0-AE2E-D85068F14A09}.Debug|x64.Deploy.0 = Debug|x64
		{3E3F1670-0A9B-45E0-AE2E-D85068F14A09}.Debug|x86.ActiveCfg = Debug|x86
		{3E3F1670-0A9B-45E0-AE2E-D85068F14A09}.Debug|x86.Build.0 = Debug|x86
		{3E3F1670-0A9B-45E0-AE2E-D85068F14A09}.Debug|x86.Deploy.0 = Debug|x86
		{3E3F1670-0A9B-45E0-AE2E-D85068F14A09}.Release|Any CPU.ActiveCfg = Release|x86
		{3E3F1670-0A9B-45E0-AE2E-D85068F14A09}.Release|Any CPU.Build.0 = Release|x86
		{3E3F1670-0A9B-45E0-AE2E-D85068F14A09}.Release|Any CPU.Deploy.0 = Release|x86
		{3E3F1670-0A9B-45E0-AE2E-D85068F14A09}.Release|ARM.ActiveCfg = Release|ARM
		{3E3F1670-0A9B-45E0-AE2E-D85068F14A09}.Release|ARM.Build.0 = Release|ARM
		{3E3F1670-0A9B-45E0-AE2E-D85068F14A09}.Release|ARM.Deploy.0 = Release|ARM
		{3E3F1670-0A9B-45E0-AE2E-D85068F14A09}.Release|iPhone.ActiveCfg = Release|x86
		{3E3F1670-0A9B-45E0-AE2E-D85068F14A09}.Release|iPhone.Build.0 = Release|x86
		{3E3F1670-0A9B-45E0-AE2E-D85068F14A09}.Release|iPhone.Deploy.0 = Release|x86
		{3E3F1670-0A9B-45E0-AE2E-D85068F14A09}.Release|iPhoneSimulator.ActiveCfg = Release|x86
		{3E3F1670-0A9B-45E0-AE2E-D85068F14A09}.Release|iPhoneSimulator.Build.0 = Release|x86
		{3E3F1670-0A9B-45E0-AE2E-D85068F14A09}.Release|iPhoneSimulator.Deploy.0 = Release|x86
		{3E3F1670-0A9B-45E0-AE2E-D85068F14A09}.Release|x64.ActiveCfg = Release|x64
		{3E3F1670-0A9B-45E0-AE2E-D85068F14A09}.Release|x64.Build.0 = Release|x64
		{3E3F1670-0A9B-45E0-AE2E-D85068F14A09}.Release|x64.Deploy.0 = Release|x64
		{3E3F1670-0A9B-45E0-AE2E-D85068F14A09}.Release|x86.ActiveCfg = Release|x86
		{3E3F1670-0A9B-45E0-AE2E-D85068F14A09}.Release|x86.Build.0 = Release|x86
		{3E3F1670-0A9B-45E0-AE2E-D85068F14A09}.Release|x86.Deploy.0 = Release|x86
		{BDF3B649-CD7E-4214-AFA1-E437846B4E86}.Debug|Any CPU.ActiveCfg = Debug|Any CPU
		{BDF3B649-CD7E-4214-AFA1-E437846B4E86}.Debug|Any CPU.Build.0 = Debug|Any CPU
		{BDF3B649-CD7E-4214-AFA1-E437846B4E86}.Debug|Any CPU.Deploy.0 = Debug|Any CPU
		{BDF3B649-CD7E-4214-AFA1-E437846B4E86}.Debug|ARM.ActiveCfg = Debug|Any CPU
		{BDF3B649-CD7E-4214-AFA1-E437846B4E86}.Debug|ARM.Build.0 = Debug|Any CPU
		{BDF3B649-CD7E-4214-AFA1-E437846B4E86}.Debug|ARM.Deploy.0 = Debug|Any CPU
		{BDF3B649-CD7E-4214-AFA1-E437846B4E86}.Debug|iPhone.ActiveCfg = Debug|Any CPU
		{BDF3B649-CD7E-4214-AFA1-E437846B4E86}.Debug|iPhone.Build.0 = Debug|Any CPU
		{BDF3B649-CD7E-4214-AFA1-E437846B4E86}.Debug|iPhone.Deploy.0 = Debug|Any CPU
		{BDF3B649-CD7E-4214-AFA1-E437846B4E86}.Debug|iPhoneSimulator.ActiveCfg = Debug|Any CPU
		{BDF3B649-CD7E-4214-AFA1-E437846B4E86}.Debug|iPhoneSimulator.Build.0 = Debug|Any CPU
		{BDF3B649-CD7E-4214-AFA1-E437846B4E86}.Debug|iPhoneSimulator.Deploy.0 = Debug|Any CPU
		{BDF3B649-CD7E-4214-AFA1-E437846B4E86}.Debug|x64.ActiveCfg = Debug|Any CPU
		{BDF3B649-CD7E-4214-AFA1-E437846B4E86}.Debug|x64.Build.0 = Debug|Any CPU
		{BDF3B649-CD7E-4214-AFA1-E437846B4E86}.Debug|x64.Deploy.0 = Debug|Any CPU
		{BDF3B649-CD7E-4214-AFA1-E437846B4E86}.Debug|x86.ActiveCfg = Debug|Any CPU
		{BDF3B649-CD7E-4214-AFA1-E437846B4E86}.Debug|x86.Build.0 = Debug|Any CPU
		{BDF3B649-CD7E-4214-AFA1-E437846B4E86}.Debug|x86.Deploy.0 = Debug|Any CPU
		{BDF3B649-CD7E-4214-AFA1-E437846B4E86}.Release|Any CPU.ActiveCfg = Release|Any CPU
		{BDF3B649-CD7E-4214-AFA1-E437846B4E86}.Release|Any CPU.Build.0 = Release|Any CPU
		{BDF3B649-CD7E-4214-AFA1-E437846B4E86}.Release|Any CPU.Deploy.0 = Release|Any CPU
		{BDF3B649-CD7E-4214-AFA1-E437846B4E86}.Release|ARM.ActiveCfg = Release|Any CPU
		{BDF3B649-CD7E-4214-AFA1-E437846B4E86}.Release|ARM.Build.0 = Release|Any CPU
		{BDF3B649-CD7E-4214-AFA1-E437846B4E86}.Release|ARM.Deploy.0 = Release|Any CPU
		{BDF3B649-CD7E-4214-AFA1-E437846B4E86}.Release|iPhone.ActiveCfg = Release|Any CPU
		{BDF3B649-CD7E-4214-AFA1-E437846B4E86}.Release|iPhone.Build.0 = Release|Any CPU
		{BDF3B649-CD7E-4214-AFA1-E437846B4E86}.Release|iPhone.Deploy.0 = Release|Any CPU
		{BDF3B649-CD7E-4214-AFA1-E437846B4E86}.Release|iPhoneSimulator.ActiveCfg = Release|Any CPU
		{BDF3B649-CD7E-4214-AFA1-E437846B4E86}.Release|iPhoneSimulator.Build.0 = Release|Any CPU
		{BDF3B649-CD7E-4214-AFA1-E437846B4E86}.Release|iPhoneSimulator.Deploy.0 = Release|Any CPU
		{BDF3B649-CD7E-4214-AFA1-E437846B4E86}.Release|x64.ActiveCfg = Release|Any CPU
		{BDF3B649-CD7E-4214-AFA1-E437846B4E86}.Release|x64.Build.0 = Release|Any CPU
		{BDF3B649-CD7E-4214-AFA1-E437846B4E86}.Release|x64.Deploy.0 = Release|Any CPU
		{BDF3B649-CD7E-4214-AFA1-E437846B4E86}.Release|x86.ActiveCfg = Release|Any CPU
		{BDF3B649-CD7E-4214-AFA1-E437846B4E86}.Release|x86.Build.0 = Release|Any CPU
		{BDF3B649-CD7E-4214-AFA1-E437846B4E86}.Release|x86.Deploy.0 = Release|Any CPU
		{06DE788B-0E14-4960-97D2-C023D6E76C30}.Debug|Any CPU.ActiveCfg = Debug|iPhone
		{06DE788B-0E14-4960-97D2-C023D6E76C30}.Debug|Any CPU.Build.0 = Debug|iPhone
		{06DE788B-0E14-4960-97D2-C023D6E76C30}.Debug|Any CPU.Deploy.0 = Debug|iPhone
		{06DE788B-0E14-4960-97D2-C023D6E76C30}.Debug|ARM.ActiveCfg = Debug|iPhoneSimulator
		{06DE788B-0E14-4960-97D2-C023D6E76C30}.Debug|ARM.Build.0 = Debug|iPhoneSimulator
		{06DE788B-0E14-4960-97D2-C023D6E76C30}.Debug|ARM.Deploy.0 = Debug|iPhoneSimulator
		{06DE788B-0E14-4960-97D2-C023D6E76C30}.Debug|iPhone.ActiveCfg = Debug|iPhone
		{06DE788B-0E14-4960-97D2-C023D6E76C30}.Debug|iPhone.Build.0 = Debug|iPhone
		{06DE788B-0E14-4960-97D2-C023D6E76C30}.Debug|iPhone.Deploy.0 = Debug|iPhone
		{06DE788B-0E14-4960-97D2-C023D6E76C30}.Debug|iPhoneSimulator.ActiveCfg = Debug|iPhoneSimulator
		{06DE788B-0E14-4960-97D2-C023D6E76C30}.Debug|iPhoneSimulator.Build.0 = Debug|iPhoneSimulator
		{06DE788B-0E14-4960-97D2-C023D6E76C30}.Debug|iPhoneSimulator.Deploy.0 = Debug|iPhoneSimulator
		{06DE788B-0E14-4960-97D2-C023D6E76C30}.Debug|x64.ActiveCfg = Debug|iPhone
		{06DE788B-0E14-4960-97D2-C023D6E76C30}.Debug|x64.Build.0 = Debug|iPhone
		{06DE788B-0E14-4960-97D2-C023D6E76C30}.Debug|x64.Deploy.0 = Debug|iPhone
		{06DE788B-0E14-4960-97D2-C023D6E76C30}.Debug|x86.ActiveCfg = Debug|iPhone
		{06DE788B-0E14-4960-97D2-C023D6E76C30}.Debug|x86.Build.0 = Debug|iPhone
		{06DE788B-0E14-4960-97D2-C023D6E76C30}.Debug|x86.Deploy.0 = Debug|iPhone
		{06DE788B-0E14-4960-97D2-C023D6E76C30}.Release|Any CPU.ActiveCfg = Release|iPhone
		{06DE788B-0E14-4960-97D2-C023D6E76C30}.Release|Any CPU.Build.0 = Release|iPhone
		{06DE788B-0E14-4960-97D2-C023D6E76C30}.Release|Any CPU.Deploy.0 = Release|iPhone
		{06DE788B-0E14-4960-97D2-C023D6E76C30}.Release|ARM.ActiveCfg = Release|iPhone
		{06DE788B-0E14-4960-97D2-C023D6E76C30}.Release|ARM.Build.0 = Release|iPhone
		{06DE788B-0E14-4960-97D2-C023D6E76C30}.Release|ARM.Deploy.0 = Release|iPhone
		{06DE788B-0E14-4960-97D2-C023D6E76C30}.Release|iPhone.ActiveCfg = Release|iPhone
		{06DE788B-0E14-4960-97D2-C023D6E76C30}.Release|iPhone.Build.0 = Release|iPhone
		{06DE788B-0E14-4960-97D2-C023D6E76C30}.Release|iPhone.Deploy.0 = Release|iPhone
		{06DE788B-0E14-4960-97D2-C023D6E76C30}.Release|iPhoneSimulator.ActiveCfg = Release|iPhoneSimulator
		{06DE788B-0E14-4960-97D2-C023D6E76C30}.Release|iPhoneSimulator.Build.0 = Release|iPhoneSimulator
		{06DE788B-0E14-4960-97D2-C023D6E76C30}.Release|iPhoneSimulator.Deploy.0 = Release|iPhoneSimulator
		{06DE788B-0E14-4960-97D2-C023D6E76C30}.Release|x64.ActiveCfg = Release|iPhone
		{06DE788B-0E14-4960-97D2-C023D6E76C30}.Release|x64.Build.0 = Release|iPhone
		{06DE788B-0E14-4960-97D2-C023D6E76C30}.Release|x64.Deploy.0 = Release|iPhone
		{06DE788B-0E14-4960-97D2-C023D6E76C30}.Release|x86.ActiveCfg = Release|iPhone
		{06DE788B-0E14-4960-97D2-C023D6E76C30}.Release|x86.Build.0 = Release|iPhone
		{06DE788B-0E14-4960-97D2-C023D6E76C30}.Release|x86.Deploy.0 = Release|iPhone
		{CDB5F934-7A8E-4C46-A52F-239D154830DB}.Debug|Any CPU.ActiveCfg = Debug|Any CPU
		{CDB5F934-7A8E-4C46-A52F-239D154830DB}.Debug|Any CPU.Build.0 = Debug|Any CPU
		{CDB5F934-7A8E-4C46-A52F-239D154830DB}.Debug|Any CPU.Deploy.0 = Debug|Any CPU
		{CDB5F934-7A8E-4C46-A52F-239D154830DB}.Debug|ARM.ActiveCfg = Debug|Any CPU
		{CDB5F934-7A8E-4C46-A52F-239D154830DB}.Debug|ARM.Build.0 = Debug|Any CPU
		{CDB5F934-7A8E-4C46-A52F-239D154830DB}.Debug|ARM.Deploy.0 = Debug|Any CPU
		{CDB5F934-7A8E-4C46-A52F-239D154830DB}.Debug|iPhone.ActiveCfg = Debug|Any CPU
		{CDB5F934-7A8E-4C46-A52F-239D154830DB}.Debug|iPhone.Build.0 = Debug|Any CPU
		{CDB5F934-7A8E-4C46-A52F-239D154830DB}.Debug|iPhone.Deploy.0 = Debug|Any CPU
		{CDB5F934-7A8E-4C46-A52F-239D154830DB}.Debug|iPhoneSimulator.ActiveCfg = Debug|Any CPU
		{CDB5F934-7A8E-4C46-A52F-239D154830DB}.Debug|iPhoneSimulator.Build.0 = Debug|Any CPU
		{CDB5F934-7A8E-4C46-A52F-239D154830DB}.Debug|iPhoneSimulator.Deploy.0 = Debug|Any CPU
		{CDB5F934-7A8E-4C46-A52F-239D154830DB}.Debug|x64.ActiveCfg = Debug|Any CPU
		{CDB5F934-7A8E-4C46-A52F-239D154830DB}.Debug|x64.Build.0 = Debug|Any CPU
		{CDB5F934-7A8E-4C46-A52F-239D154830DB}.Debug|x64.Deploy.0 = Debug|Any CPU
		{CDB5F934-7A8E-4C46-A52F-239D154830DB}.Debug|x86.ActiveCfg = Debug|Any CPU
		{CDB5F934-7A8E-4C46-A52F-239D154830DB}.Debug|x86.Build.0 = Debug|Any CPU
		{CDB5F934-7A8E-4C46-A52F-239D154830DB}.Debug|x86.Deploy.0 = Debug|Any CPU
		{CDB5F934-7A8E-4C46-A52F-239D154830DB}.Release|Any CPU.ActiveCfg = Release|Any CPU
		{CDB5F934-7A8E-4C46-A52F-239D154830DB}.Release|Any CPU.Build.0 = Release|Any CPU
		{CDB5F934-7A8E-4C46-A52F-239D154830DB}.Release|Any CPU.Deploy.0 = Release|Any CPU
		{CDB5F934-7A8E-4C46-A52F-239D154830DB}.Release|ARM.ActiveCfg = Release|Any CPU
		{CDB5F934-7A8E-4C46-A52F-239D154830DB}.Release|ARM.Build.0 = Release|Any CPU
		{CDB5F934-7A8E-4C46-A52F-239D154830DB}.Release|ARM.Deploy.0 = Release|Any CPU
		{CDB5F934-7A8E-4C46-A52F-239D154830DB}.Release|iPhone.ActiveCfg = Release|Any CPU
		{CDB5F934-7A8E-4C46-A52F-239D154830DB}.Release|iPhone.Build.0 = Release|Any CPU
		{CDB5F934-7A8E-4C46-A52F-239D154830DB}.Release|iPhone.Deploy.0 = Release|Any CPU
		{CDB5F934-7A8E-4C46-A52F-239D154830DB}.Release|iPhoneSimulator.ActiveCfg = Release|Any CPU
		{CDB5F934-7A8E-4C46-A52F-239D154830DB}.Release|iPhoneSimulator.Build.0 = Release|Any CPU
		{CDB5F934-7A8E-4C46-A52F-239D154830DB}.Release|iPhoneSimulator.Deploy.0 = Release|Any CPU
		{CDB5F934-7A8E-4C46-A52F-239D154830DB}.Release|x64.ActiveCfg = Release|Any CPU
		{CDB5F934-7A8E-4C46-A52F-239D154830DB}.Release|x64.Build.0 = Release|Any CPU
		{CDB5F934-7A8E-4C46-A52F-239D154830DB}.Release|x64.Deploy.0 = Release|Any CPU
		{CDB5F934-7A8E-4C46-A52F-239D154830DB}.Release|x86.ActiveCfg = Release|Any CPU
		{CDB5F934-7A8E-4C46-A52F-239D154830DB}.Release|x86.Build.0 = Release|Any CPU
		{CDB5F934-7A8E-4C46-A52F-239D154830DB}.Release|x86.Deploy.0 = Release|Any CPU
	EndGlobalSection
	GlobalSection(SolutionProperties) = preSolution
		HideSolutionNode = FALSE
	EndGlobalSection
	GlobalSection(ExtensibilityGlobals) = postSolution
		SolutionGuid = {EE662C2C-83B8-4FBF-8691-1D56419876CE}
	EndGlobalSection
EndGlobal
