
Microsoft Visual Studio Solution File, Format Version 12.00
# Visual Studio Version 16
VisualStudioVersion = 16.0.29503.13
MinimumVisualStudioVersion = 10.0.40219.1
Project("{FAE04EC0-301F-11D3-BF4B-00C04F79EFBC}") = "App1_Cell.UWP", "App1_Cell\App1_Cell.UWP\App1_Cell.UWP.csproj", "{7D07A25F-3FD7-4BDD-A38C-D1DECE1C2BEC}"
EndProject
Project("{FAE04EC0-301F-11D3-BF4B-00C04F79EFBC}") = "App1_Cell.Android", "App1_Cell\App1_Cell.Android\App1_Cell.Android.csproj", "{B72DA4FD-6D1D-432E-AE2B-CE34054EF6A3}"
EndProject
Project("{FAE04EC0-301F-11D3-BF4B-00C04F79EFBC}") = "App1_Cell.iOS", "App1_Cell\App1_Cell.iOS\App1_Cell.iOS.csproj", "{2EAAA466-1C24-4221-8F7C-DACA0C157854}"
EndProject
Project("{FAE04EC0-301F-11D3-BF4B-00C04F79EFBC}") = "App1_Cell", "App1_Cell\App1_Cell\App1_Cell.csproj", "{4C30684F-60C4-4EFB-B631-4BA955418944}"
EndProject
Global
	GlobalSection(SolutionConfigurationPlatforms) = preSolution
		Debug|Any CPU = Debug|Any CPU
		Debug|ARM = Debug|ARM
		Debug|iPhone = Debug|iPhone
		Debug|iPhoneSimulator = Debug|iPhoneSimulator
		Debug|x64 = Debug|x64
		Debug|x86 = Debug|x86
		Release|Any CPU = Release|Any CPU
		Release|ARM = Release|ARM
		Release|iPhone = Release|iPhone
		Release|iPhoneSimulator = Release|iPhoneSimulator
		Release|x64 = Release|x64
		Release|x86 = Release|x86
	EndGlobalSection
	GlobalSection(ProjectConfigurationPlatforms) = postSolution
		{7D07A25F-3FD7-4BDD-A38C-D1DECE1C2BEC}.Debug|Any CPU.ActiveCfg = Debug|x86
		{7D07A25F-3FD7-4BDD-A38C-D1DECE1C2BEC}.Debug|Any CPU.Build.0 = Debug|x86
		{7D07A25F-3FD7-4BDD-A38C-D1DECE1C2BEC}.Debug|Any CPU.Deploy.0 = Debug|x86
		{7D07A25F-3FD7-4BDD-A38C-D1DECE1C2BEC}.Debug|ARM.ActiveCfg = Debug|ARM
		{7D07A25F-3FD7-4BDD-A38C-D1DECE1C2BEC}.Debug|ARM.Build.0 = Debug|ARM
		{7D07A25F-3FD7-4BDD-A38C-D1DECE1C2BEC}.Debug|ARM.Deploy.0 = Debug|ARM
		{7D07A25F-3FD7-4BDD-A38C-D1DECE1C2BEC}.Debug|iPhone.ActiveCfg = Debug|x86
		{7D07A25F-3FD7-4BDD-A38C-D1DECE1C2BEC}.Debug|iPhone.Build.0 = Debug|x86
		{7D07A25F-3FD7-4BDD-A38C-D1DECE1C2BEC}.Debug|iPhone.Deploy.0 = Debug|x86
		{7D07A25F-3FD7-4BDD-A38C-D1DECE1C2BEC}.Debug|iPhoneSimulator.ActiveCfg = Debug|x86
		{7D07A25F-3FD7-4BDD-A38C-D1DECE1C2BEC}.Debug|iPhoneSimulator.Build.0 = Debug|x86
		{7D07A25F-3FD7-4BDD-A38C-D1DECE1C2BEC}.Debug|iPhoneSimulator.Deploy.0 = Debug|x86
		{7D07A25F-3FD7-4BDD-A38C-D1DECE1C2BEC}.Debug|x64.ActiveCfg = Debug|x64
		{7D07A25F-3FD7-4BDD-A38C-D1DECE1C2BEC}.Debug|x64.Build.0 = Debug|x64
		{7D07A25F-3FD7-4BDD-A38C-D1DECE1C2BEC}.Debug|x64.Deploy.0 = Debug|x64
		{7D07A25F-3FD7-4BDD-A38C-D1DECE1C2BEC}.Debug|x86.ActiveCfg = Debug|x86
		{7D07A25F-3FD7-4BDD-A38C-D1DECE1C2BEC}.Debug|x86.Build.0 = Debug|x86
		{7D07A25F-3FD7-4BDD-A38C-D1DECE1C2BEC}.Debug|x86.Deploy.0 = Debug|x86
		{7D07A25F-3FD7-4BDD-A38C-D1DECE1C2BEC}.Release|Any CPU.ActiveCfg = Release|x86
		{7D07A25F-3FD7-4BDD-A38C-D1DECE1C2BEC}.Release|Any CPU.Build.0 = Release|x86
		{7D07A25F-3FD7-4BDD-A38C-D1DECE1C2BEC}.Release|Any CPU.Deploy.0 = Release|x86
		{7D07A25F-3FD7-4BDD-A38C-D1DECE1C2BEC}.Release|ARM.ActiveCfg = Release|ARM
		{7D07A25F-3FD7-4BDD-A38C-D1DECE1C2BEC}.Release|ARM.Build.0 = Release|ARM
		{7D07A25F-3FD7-4BDD-A38C-D1DECE1C2BEC}.Release|ARM.Deploy.0 = Release|ARM
		{7D07A25F-3FD7-4BDD-A38C-D1DECE1C2BEC}.Release|iPhone.ActiveCfg = Release|x86
		{7D07A25F-3FD7-4BDD-A38C-D1DECE1C2BEC}.Release|iPhone.Build.0 = Release|x86
		{7D07A25F-3FD7-4BDD-A38C-D1DECE1C2BEC}.Release|iPhone.Deploy.0 = Release|x86
		{7D07A25F-3FD7-4BDD-A38C-D1DECE1C2BEC}.Release|iPhoneSimulator.ActiveCfg = Release|x86
		{7D07A25F-3FD7-4BDD-A38C-D1DECE1C2BEC}.Release|iPhoneSimulator.Build.0 = Release|x86
		{7D07A25F-3FD7-4BDD-A38C-D1DECE1C2BEC}.Release|iPhoneSimulator.Deploy.0 = Release|x86
		{7D07A25F-3FD7-4BDD-A38C-D1DECE1C2BEC}.Release|x64.ActiveCfg = Release|x64
		{7D07A25F-3FD7-4BDD-A38C-D1DECE1C2BEC}.Release|x64.Build.0 = Release|x64
		{7D07A25F-3FD7-4BDD-A38C-D1DECE1C2BEC}.Release|x64.Deploy.0 = Release|x64
		{7D07A25F-3FD7-4BDD-A38C-D1DECE1C2BEC}.Release|x86.ActiveCfg = Release|x86
		{7D07A25F-3FD7-4BDD-A38C-D1DECE1C2BEC}.Release|x86.Build.0 = Release|x86
		{7D07A25F-3FD7-4BDD-A38C-D1DECE1C2BEC}.Release|x86.Deploy.0 = Release|x86
		{B72DA4FD-6D1D-432E-AE2B-CE34054EF6A3}.Debug|Any CPU.ActiveCfg = Debug|Any CPU
		{B72DA4FD-6D1D-432E-AE2B-CE34054EF6A3}.Debug|Any CPU.Build.0 = Debug|Any CPU
		{B72DA4FD-6D1D-432E-AE2B-CE34054EF6A3}.Debug|Any CPU.Deploy.0 = Debug|Any CPU
		{B72DA4FD-6D1D-432E-AE2B-CE34054EF6A3}.Debug|ARM.ActiveCfg = Debug|Any CPU
		{B72DA4FD-6D1D-432E-AE2B-CE34054EF6A3}.Debug|ARM.Build.0 = Debug|Any CPU
		{B72DA4FD-6D1D-432E-AE2B-CE34054EF6A3}.Debug|ARM.Deploy.0 = Debug|Any CPU
		{B72DA4FD-6D1D-432E-AE2B-CE34054EF6A3}.Debug|iPhone.ActiveCfg = Debug|Any CPU
		{B72DA4FD-6D1D-432E-AE2B-CE34054EF6A3}.Debug|iPhone.Build.0 = Debug|Any CPU
		{B72DA4FD-6D1D-432E-AE2B-CE34054EF6A3}.Debug|iPhone.Deploy.0 = Debug|Any CPU
		{B72DA4FD-6D1D-432E-AE2B-CE34054EF6A3}.Debug|iPhoneSimulator.ActiveCfg = Debug|Any CPU
		{B72DA4FD-6D1D-432E-AE2B-CE34054EF6A3}.Debug|iPhoneSimulator.Build.0 = Debug|Any CPU
		{B72DA4FD-6D1D-432E-AE2B-CE34054EF6A3}.Debug|iPhoneSimulator.Deploy.0 = Debug|Any CPU
		{B72DA4FD-6D1D-432E-AE2B-CE34054EF6A3}.Debug|x64.ActiveCfg = Debug|Any CPU
		{B72DA4FD-6D1D-432E-AE2B-CE34054EF6A3}.Debug|x64.Build.0 = Debug|Any CPU
		{B72DA4FD-6D1D-432E-AE2B-CE34054EF6A3}.Debug|x64.Deploy.0 = Debug|Any CPU
		{B72DA4FD-6D1D-432E-AE2B-CE34054EF6A3}.Debug|x86.ActiveCfg = Debug|Any CPU
		{B72DA4FD-6D1D-432E-AE2B-CE34054EF6A3}.Debug|x86.Build.0 = Debug|Any CPU
		{B72DA4FD-6D1D-432E-AE2B-CE34054EF6A3}.Debug|x86.Deploy.0 = Debug|Any CPU
		{B72DA4FD-6D1D-432E-AE2B-CE34054EF6A3}.Release|Any CPU.ActiveCfg = Release|Any CPU
		{B72DA4FD-6D1D-432E-AE2B-CE34054EF6A3}.Release|Any CPU.Build.0 = Release|Any CPU
		{B72DA4FD-6D1D-432E-AE2B-CE34054EF6A3}.Release|Any CPU.Deploy.0 = Release|Any CPU
		{B72DA4FD-6D1D-432E-AE2B-CE34054EF6A3}.Release|ARM.ActiveCfg = Release|Any CPU
		{B72DA4FD-6D1D-432E-AE2B-CE34054EF6A3}.Release|ARM.Build.0 = Release|Any CPU
		{B72DA4FD-6D1D-432E-AE2B-CE34054EF6A3}.Release|ARM.Deploy.0 = Release|Any CPU
		{B72DA4FD-6D1D-432E-AE2B-CE34054EF6A3}.Release|iPhone.ActiveCfg = Release|Any CPU
		{B72DA4FD-6D1D-432E-AE2B-CE34054EF6A3}.Release|iPhone.Build.0 = Release|Any CPU
		{B72DA4FD-6D1D-432E-AE2B-CE34054EF6A3}.Release|iPhone.Deploy.0 = Release|Any CPU
		{B72DA4FD-6D1D-432E-AE2B-CE34054EF6A3}.Release|iPhoneSimulator.ActiveCfg = Release|Any CPU
		{B72DA4FD-6D1D-432E-AE2B-CE34054EF6A3}.Release|iPhoneSimulator.Build.0 = Release|Any CPU
		{B72DA4FD-6D1D-432E-AE2B-CE34054EF6A3}.Release|iPhoneSimulator.Deploy.0 = Release|Any CPU
		{B72DA4FD-6D1D-432E-AE2B-CE34054EF6A3}.Release|x64.ActiveCfg = Release|Any CPU
		{B72DA4FD-6D1D-432E-AE2B-CE34054EF6A3}.Release|x64.Build.0 = Release|Any CPU
		{B72DA4FD-6D1D-432E-AE2B-CE34054EF6A3}.Release|x64.Deploy.0 = Release|Any CPU
		{B72DA4FD-6D1D-432E-AE2B-CE34054EF6A3}.Release|x86.ActiveCfg = Release|Any CPU
		{B72DA4FD-6D1D-432E-AE2B-CE34054EF6A3}.Release|x86.Build.0 = Release|Any CPU
		{B72DA4FD-6D1D-432E-AE2B-CE34054EF6A3}.Release|x86.Deploy.0 = Release|Any CPU
		{2EAAA466-1C24-4221-8F7C-DACA0C157854}.Debug|Any CPU.ActiveCfg = Debug|iPhone
		{2EAAA466-1C24-4221-8F7C-DACA0C157854}.Debug|Any CPU.Build.0 = Debug|iPhone
		{2EAAA466-1C24-4221-8F7C-DACA0C157854}.Debug|Any CPU.Deploy.0 = Debug|iPhone
		{2EAAA466-1C24-4221-8F7C-DACA0C157854}.Debug|ARM.ActiveCfg = Debug|iPhoneSimulator
		{2EAAA466-1C24-4221-8F7C-DACA0C157854}.Debug|ARM.Build.0 = Debug|iPhoneSimulator
		{2EAAA466-1C24-4221-8F7C-DACA0C157854}.Debug|ARM.Deploy.0 = Debug|iPhoneSimulator
		{2EAAA466-1C24-4221-8F7C-DACA0C157854}.Debug|iPhone.ActiveCfg = Debug|iPhone
		{2EAAA466-1C24-4221-8F7C-DACA0C157854}.Debug|iPhone.Build.0 = Debug|iPhone
		{2EAAA466-1C24-4221-8F7C-DACA0C157854}.Debug|iPhone.Deploy.0 = Debug|iPhone
		{2EAAA466-1C24-4221-8F7C-DACA0C157854}.Debug|iPhoneSimulator.ActiveCfg = Debug|iPhoneSimulator
		{2EAAA466-1C24-4221-8F7C-DACA0C157854}.Debug|iPhoneSimulator.Build.0 = Debug|iPhoneSimulator
		{2EAAA466-1C24-4221-8F7C-DACA0C157854}.Debug|iPhoneSimulator.Deploy.0 = Debug|iPhoneSimulator
		{2EAAA466-1C24-4221-8F7C-DACA0C157854}.Debug|x64.ActiveCfg = Debug|iPhone
		{2EAAA466-1C24-4221-8F7C-DACA0C157854}.Debug|x64.Build.0 = Debug|iPhone
		{2EAAA466-1C24-4221-8F7C-DACA0C157854}.Debug|x64.Deploy.0 = Debug|iPhone
		{2EAAA466-1C24-4221-8F7C-DACA0C157854}.Debug|x86.ActiveCfg = Debug|iPhone
		{2EAAA466-1C24-4221-8F7C-DACA0C157854}.Debug|x86.Build.0 = Debug|iPhone
		{2EAAA466-1C24-4221-8F7C-DACA0C157854}.Debug|x86.Deploy.0 = Debug|iPhone
		{2EAAA466-1C24-4221-8F7C-DACA0C157854}.Release|Any CPU.ActiveCfg = Release|iPhone
		{2EAAA466-1C24-4221-8F7C-DACA0C157854}.Release|Any CPU.Build.0 = Release|iPhone
		{2EAAA466-1C24-4221-8F7C-DACA0C157854}.Release|Any CPU.Deploy.0 = Release|iPhone
		{2EAAA466-1C24-4221-8F7C-DACA0C157854}.Release|ARM.ActiveCfg = Release|iPhone
		{2EAAA466-1C24-4221-8F7C-DACA0C157854}.Release|ARM.Build.0 = Release|iPhone
		{2EAAA466-1C24-4221-8F7C-DACA0C157854}.Release|ARM.Deploy.0 = Release|iPhone
		{2EAAA466-1C24-4221-8F7C-DACA0C157854}.Release|iPhone.ActiveCfg = Release|iPhone
		{2EAAA466-1C24-4221-8F7C-DACA0C157854}.Release|iPhone.Build.0 = Release|iPhone
		{2EAAA466-1C24-4221-8F7C-DACA0C157854}.Release|iPhone.Deploy.0 = Release|iPhone
		{2EAAA466-1C24-4221-8F7C-DACA0C157854}.Release|iPhoneSimulator.ActiveCfg = Release|iPhoneSimulator
		{2EAAA466-1C24-4221-8F7C-DACA0C157854}.Release|iPhoneSimulator.Build.0 = Release|iPhoneSimulator
		{2EAAA466-1C24-4221-8F7C-DACA0C157854}.Release|iPhoneSimulator.Deploy.0 = Release|iPhoneSimulator
		{2EAAA466-1C24-4221-8F7C-DACA0C157854}.Release|x64.ActiveCfg = Release|iPhone
		{2EAAA466-1C24-4221-8F7C-DACA0C157854}.Release|x64.Build.0 = Release|iPhone
		{2EAAA466-1C24-4221-8F7C-DACA0C157854}.Release|x64.Deploy.0 = Release|iPhone
		{2EAAA466-1C24-4221-8F7C-DACA0C157854}.Release|x86.ActiveCfg = Release|iPhone
		{2EAAA466-1C24-4221-8F7C-DACA0C157854}.Release|x86.Build.0 = Release|iPhone
		{2EAAA466-1C24-4221-8F7C-DACA0C157854}.Release|x86.Deploy.0 = Release|iPhone
		{4C30684F-60C4-4EFB-B631-4BA955418944}.Debug|Any CPU.ActiveCfg = Debug|Any CPU
		{4C30684F-60C4-4EFB-B631-4BA955418944}.Debug|Any CPU.Build.0 = Debug|Any CPU
		{4C30684F-60C4-4EFB-B631-4BA955418944}.Debug|Any CPU.Deploy.0 = Debug|Any CPU
		{4C30684F-60C4-4EFB-B631-4BA955418944}.Debug|ARM.ActiveCfg = Debug|Any CPU
		{4C30684F-60C4-4EFB-B631-4BA955418944}.Debug|ARM.Build.0 = Debug|Any CPU
		{4C30684F-60C4-4EFB-B631-4BA955418944}.Debug|ARM.Deploy.0 = Debug|Any CPU
		{4C30684F-60C4-4EFB-B631-4BA955418944}.Debug|iPhone.ActiveCfg = Debug|Any CPU
		{4C30684F-60C4-4EFB-B631-4BA955418944}.Debug|iPhone.Build.0 = Debug|Any CPU
		{4C30684F-60C4-4EFB-B631-4BA955418944}.Debug|iPhone.Deploy.0 = Debug|Any CPU
		{4C30684F-60C4-4EFB-B631-4BA955418944}.Debug|iPhoneSimulator.ActiveCfg = Debug|Any CPU
		{4C30684F-60C4-4EFB-B631-4BA955418944}.Debug|iPhoneSimulator.Build.0 = Debug|Any CPU
		{4C30684F-60C4-4EFB-B631-4BA955418944}.Debug|iPhoneSimulator.Deploy.0 = Debug|Any CPU
		{4C30684F-60C4-4EFB-B631-4BA955418944}.Debug|x64.ActiveCfg = Debug|Any CPU
		{4C30684F-60C4-4EFB-B631-4BA955418944}.Debug|x64.Build.0 = Debug|Any CPU
		{4C30684F-60C4-4EFB-B631-4BA955418944}.Debug|x64.Deploy.0 = Debug|Any CPU
		{4C30684F-60C4-4EFB-B631-4BA955418944}.Debug|x86.ActiveCfg = Debug|Any CPU
		{4C30684F-60C4-4EFB-B631-4BA955418944}.Debug|x86.Build.0 = Debug|Any CPU
		{4C30684F-60C4-4EFB-B631-4BA955418944}.Debug|x86.Deploy.0 = Debug|Any CPU
		{4C30684F-60C4-4EFB-B631-4BA955418944}.Release|Any CPU.ActiveCfg = Release|Any CPU
		{4C30684F-60C4-4EFB-B631-4BA955418944}.Release|Any CPU.Build.0 = Release|Any CPU
		{4C30684F-60C4-4EFB-B631-4BA955418944}.Release|Any CPU.Deploy.0 = Release|Any CPU
		{4C30684F-60C4-4EFB-B631-4BA955418944}.Release|ARM.ActiveCfg = Release|Any CPU
		{4C30684F-60C4-4EFB-B631-4BA955418944}.Release|ARM.Build.0 = Release|Any CPU
		{4C30684F-60C4-4EFB-B631-4BA955418944}.Release|ARM.Deploy.0 = Release|Any CPU
		{4C30684F-60C4-4EFB-B631-4BA955418944}.Release|iPhone.ActiveCfg = Release|Any CPU
		{4C30684F-60C4-4EFB-B631-4BA955418944}.Release|iPhone.Build.0 = Release|Any CPU
		{4C30684F-60C4-4EFB-B631-4BA955418944}.Release|iPhone.Deploy.0 = Release|Any CPU
		{4C30684F-60C4-4EFB-B631-4BA955418944}.Release|iPhoneSimulator.ActiveCfg = Release|Any CPU
		{4C30684F-60C4-4EFB-B631-4BA955418944}.Release|iPhoneSimulator.Build.0 = Release|Any CPU
		{4C30684F-60C4-4EFB-B631-4BA955418944}.Release|iPhoneSimulator.Deploy.0 = Release|Any CPU
		{4C30684F-60C4-4EFB-B631-4BA955418944}.Release|x64.ActiveCfg = Release|Any CPU
		{4C30684F-60C4-4EFB-B631-4BA955418944}.Release|x64.Build.0 = Release|Any CPU
		{4C30684F-60C4-4EFB-B631-4BA955418944}.Release|x64.Deploy.0 = Release|Any CPU
		{4C30684F-60C4-4EFB-B631-4BA955418944}.Release|x86.ActiveCfg = Release|Any CPU
		{4C30684F-60C4-4EFB-B631-4BA955418944}.Release|x86.Build.0 = Release|Any CPU
		{4C30684F-60C4-4EFB-B631-4BA955418944}.Release|x86.Deploy.0 = Release|Any CPU
	EndGlobalSection
	GlobalSection(SolutionProperties) = preSolution
		HideSolutionNode = FALSE
	EndGlobalSection
	GlobalSection(ExtensibilityGlobals) = postSolution
		SolutionGuid = {3CD76F8B-F968-4C00-88BA-61CC32221454}
	EndGlobalSection
EndGlobal
