
Microsoft Visual Studio Solution File, Format Version 12.00
# Visual Studio Version 16
VisualStudioVersion = 16.0.29503.13
MinimumVisualStudioVersion = 10.0.40219.1
Project("{FAE04EC0-301F-11D3-BF4B-00C04F79EFBC}") = "App1_Estilo.UWP", "App1_Estilo\App1_Estilo.UWP\App1_Estilo.UWP.csproj", "{ECACF0E2-FDA0-4B4F-97BF-FB86A3131AC2}"
EndProject
Project("{FAE04EC0-301F-11D3-BF4B-00C04F79EFBC}") = "App1_Estilo.Android", "App1_Estilo\App1_Estilo.Android\App1_Estilo.Android.csproj", "{D0E31285-9E7A-47EF-81D0-EAD4154D517C}"
EndProject
Project("{FAE04EC0-301F-11D3-BF4B-00C04F79EFBC}") = "App1_Estilo.iOS", "App1_Estilo\App1_Estilo.iOS\App1_Estilo.iOS.csproj", "{C77226C7-96B1-45A3-818F-87C87313AE67}"
EndProject
Project("{FAE04EC0-301F-11D3-BF4B-00C04F79EFBC}") = "App1_Estilo", "App1_Estilo\App1_Estilo\App1_Estilo.csproj", "{96F7CDED-1AB0-4765-ABC0-C48F66840C4E}"
EndProject
Global
	GlobalSection(SolutionConfigurationPlatforms) = preSolution
		Debug|Any CPU = Debug|Any CPU
		Debug|ARM = Debug|ARM
		Debug|iPhone = Debug|iPhone
		Debug|iPhoneSimulator = Debug|iPhoneSimulator
		Debug|x64 = Debug|x64
		Debug|x86 = Debug|x86
		Release|Any CPU = Release|Any CPU
		Release|ARM = Release|ARM
		Release|iPhone = Release|iPhone
		Release|iPhoneSimulator = Release|iPhoneSimulator
		Release|x64 = Release|x64
		Release|x86 = Release|x86
	EndGlobalSection
	GlobalSection(ProjectConfigurationPlatforms) = postSolution
		{ECACF0E2-FDA0-4B4F-97BF-FB86A3131AC2}.Debug|Any CPU.ActiveCfg = Debug|x86
		{ECACF0E2-FDA0-4B4F-97BF-FB86A3131AC2}.Debug|Any CPU.Build.0 = Debug|x86
		{ECACF0E2-FDA0-4B4F-97BF-FB86A3131AC2}.Debug|Any CPU.Deploy.0 = Debug|x86
		{ECACF0E2-FDA0-4B4F-97BF-FB86A3131AC2}.Debug|ARM.ActiveCfg = Debug|ARM
		{ECACF0E2-FDA0-4B4F-97BF-FB86A3131AC2}.Debug|ARM.Build.0 = Debug|ARM
		{ECACF0E2-FDA0-4B4F-97BF-FB86A3131AC2}.Debug|ARM.Deploy.0 = Debug|ARM
		{ECACF0E2-FDA0-4B4F-97BF-FB86A3131AC2}.Debug|iPhone.ActiveCfg = Debug|x86
		{ECACF0E2-FDA0-4B4F-97BF-FB86A3131AC2}.Debug|iPhone.Build.0 = Debug|x86
		{ECACF0E2-FDA0-4B4F-97BF-FB86A3131AC2}.Debug|iPhone.Deploy.0 = Debug|x86
		{ECACF0E2-FDA0-4B4F-97BF-FB86A3131AC2}.Debug|iPhoneSimulator.ActiveCfg = Debug|x86
		{ECACF0E2-FDA0-4B4F-97BF-FB86A3131AC2}.Debug|iPhoneSimulator.Build.0 = Debug|x86
		{ECACF0E2-FDA0-4B4F-97BF-FB86A3131AC2}.Debug|iPhoneSimulator.Deploy.0 = Debug|x86
		{ECACF0E2-FDA0-4B4F-97BF-FB86A3131AC2}.Debug|x64.ActiveCfg = Debug|x64
		{ECACF0E2-FDA0-4B4F-97BF-FB86A3131AC2}.Debug|x64.Build.0 = Debug|x64
		{ECACF0E2-FDA0-4B4F-97BF-FB86A3131AC2}.Debug|x64.Deploy.0 = Debug|x64
		{ECACF0E2-FDA0-4B4F-97BF-FB86A3131AC2}.Debug|x86.ActiveCfg = Debug|x86
		{ECACF0E2-FDA0-4B4F-97BF-FB86A3131AC2}.Debug|x86.Build.0 = Debug|x86
		{ECACF0E2-FDA0-4B4F-97BF-FB86A3131AC2}.Debug|x86.Deploy.0 = Debug|x86
		{ECACF0E2-FDA0-4B4F-97BF-FB86A3131AC2}.Release|Any CPU.ActiveCfg = Release|x86
		{ECACF0E2-FDA0-4B4F-97BF-FB86A3131AC2}.Release|Any CPU.Build.0 = Release|x86
		{ECACF0E2-FDA0-4B4F-97BF-FB86A3131AC2}.Release|Any CPU.Deploy.0 = Release|x86
		{ECACF0E2-FDA0-4B4F-97BF-FB86A3131AC2}.Release|ARM.ActiveCfg = Release|ARM
		{ECACF0E2-FDA0-4B4F-97BF-FB86A3131AC2}.Release|ARM.Build.0 = Release|ARM
		{ECACF0E2-FDA0-4B4F-97BF-FB86A3131AC2}.Release|ARM.Deploy.0 = Release|ARM
		{ECACF0E2-FDA0-4B4F-97BF-FB86A3131AC2}.Release|iPhone.ActiveCfg = Release|x86
		{ECACF0E2-FDA0-4B4F-97BF-FB86A3131AC2}.Release|iPhone.Build.0 = Release|x86
		{ECACF0E2-FDA0-4B4F-97BF-FB86A3131AC2}.Release|iPhone.Deploy.0 = Release|x86
		{ECACF0E2-FDA0-4B4F-97BF-FB86A3131AC2}.Release|iPhoneSimulator.ActiveCfg = Release|x86
		{ECACF0E2-FDA0-4B4F-97BF-FB86A3131AC2}.Release|iPhoneSimulator.Build.0 = Release|x86
		{ECACF0E2-FDA0-4B4F-97BF-FB86A3131AC2}.Release|iPhoneSimulator.Deploy.0 = Release|x86
		{ECACF0E2-FDA0-4B4F-97BF-FB86A3131AC2}.Release|x64.ActiveCfg = Release|x64
		{ECACF0E2-FDA0-4B4F-97BF-FB86A3131AC2}.Release|x64.Build.0 = Release|x64
		{ECACF0E2-FDA0-4B4F-97BF-FB86A3131AC2}.Release|x64.Deploy.0 = Release|x64
		{ECACF0E2-FDA0-4B4F-97BF-FB86A3131AC2}.Release|x86.ActiveCfg = Release|x86
		{ECACF0E2-FDA0-4B4F-97BF-FB86A3131AC2}.Release|x86.Build.0 = Release|x86
		{ECACF0E2-FDA0-4B4F-97BF-FB86A3131AC2}.Release|x86.Deploy.0 = Release|x86
		{D0E31285-9E7A-47EF-81D0-EAD4154D517C}.Debug|Any CPU.ActiveCfg = Debug|Any CPU
		{D0E31285-9E7A-47EF-81D0-EAD4154D517C}.Debug|Any CPU.Build.0 = Debug|Any CPU
		{D0E31285-9E7A-47EF-81D0-EAD4154D517C}.Debug|Any CPU.Deploy.0 = Debug|Any CPU
		{D0E31285-9E7A-47EF-81D0-EAD4154D517C}.Debug|ARM.ActiveCfg = Debug|Any CPU
		{D0E31285-9E7A-47EF-81D0-EAD4154D517C}.Debug|ARM.Build.0 = Debug|Any CPU
		{D0E31285-9E7A-47EF-81D0-EAD4154D517C}.Debug|ARM.Deploy.0 = Debug|Any CPU
		{D0E31285-9E7A-47EF-81D0-EAD4154D517C}.Debug|iPhone.ActiveCfg = Debug|Any CPU
		{D0E31285-9E7A-47EF-81D0-EAD4154D517C}.Debug|iPhone.Build.0 = Debug|Any CPU
		{D0E31285-9E7A-47EF-81D0-EAD4154D517C}.Debug|iPhone.Deploy.0 = Debug|Any CPU
		{D0E31285-9E7A-47EF-81D0-EAD4154D517C}.Debug|iPhoneSimulator.ActiveCfg = Debug|Any CPU
		{D0E31285-9E7A-47EF-81D0-EAD4154D517C}.Debug|iPhoneSimulator.Build.0 = Debug|Any CPU
		{D0E31285-9E7A-47EF-81D0-EAD4154D517C}.Debug|iPhoneSimulator.Deploy.0 = Debug|Any CPU
		{D0E31285-9E7A-47EF-81D0-EAD4154D517C}.Debug|x64.ActiveCfg = Debug|Any CPU
		{D0E31285-9E7A-47EF-81D0-EAD4154D517C}.Debug|x64.Build.0 = Debug|Any CPU
		{D0E31285-9E7A-47EF-81D0-EAD4154D517C}.Debug|x64.Deploy.0 = Debug|Any CPU
		{D0E31285-9E7A-47EF-81D0-EAD4154D517C}.Debug|x86.ActiveCfg = Debug|Any CPU
		{D0E31285-9E7A-47EF-81D0-EAD4154D517C}.Debug|x86.Build.0 = Debug|Any CPU
		{D0E31285-9E7A-47EF-81D0-EAD4154D517C}.Debug|x86.Deploy.0 = Debug|Any CPU
		{D0E31285-9E7A-47EF-81D0-EAD4154D517C}.Release|Any CPU.ActiveCfg = Release|Any CPU
		{D0E31285-9E7A-47EF-81D0-EAD4154D517C}.Release|Any CPU.Build.0 = Release|Any CPU
		{D0E31285-9E7A-47EF-81D0-EAD4154D517C}.Release|Any CPU.Deploy.0 = Release|Any CPU
		{D0E31285-9E7A-47EF-81D0-EAD4154D517C}.Release|ARM.ActiveCfg = Release|Any CPU
		{D0E31285-9E7A-47EF-81D0-EAD4154D517C}.Release|ARM.Build.0 = Release|Any CPU
		{D0E31285-9E7A-47EF-81D0-EAD4154D517C}.Release|ARM.Deploy.0 = Release|Any CPU
		{D0E31285-9E7A-47EF-81D0-EAD4154D517C}.Release|iPhone.ActiveCfg = Release|Any CPU
		{D0E31285-9E7A-47EF-81D0-EAD4154D517C}.Release|iPhone.Build.0 = Release|Any CPU
		{D0E31285-9E7A-47EF-81D0-EAD4154D517C}.Release|iPhone.Deploy.0 = Release|Any CPU
		{D0E31285-9E7A-47EF-81D0-EAD4154D517C}.Release|iPhoneSimulator.ActiveCfg = Release|Any CPU
		{D0E31285-9E7A-47EF-81D0-EAD4154D517C}.Release|iPhoneSimulator.Build.0 = Release|Any CPU
		{D0E31285-9E7A-47EF-81D0-EAD4154D517C}.Release|iPhoneSimulator.Deploy.0 = Release|Any CPU
		{D0E31285-9E7A-47EF-81D0-EAD4154D517C}.Release|x64.ActiveCfg = Release|Any CPU
		{D0E31285-9E7A-47EF-81D0-EAD4154D517C}.Release|x64.Build.0 = Release|Any CPU
		{D0E31285-9E7A-47EF-81D0-EAD4154D517C}.Release|x64.Deploy.0 = Release|Any CPU
		{D0E31285-9E7A-47EF-81D0-EAD4154D517C}.Release|x86.ActiveCfg = Release|Any CPU
		{D0E31285-9E7A-47EF-81D0-EAD4154D517C}.Release|x86.Build.0 = Release|Any CPU
		{D0E31285-9E7A-47EF-81D0-EAD4154D517C}.Release|x86.Deploy.0 = Release|Any CPU
		{C77226C7-96B1-45A3-818F-87C87313AE67}.Debug|Any CPU.ActiveCfg = Debug|iPhone
		{C77226C7-96B1-45A3-818F-87C87313AE67}.Debug|Any CPU.Build.0 = Debug|iPhone
		{C77226C7-96B1-45A3-818F-87C87313AE67}.Debug|Any CPU.Deploy.0 = Debug|iPhone
		{C77226C7-96B1-45A3-818F-87C87313AE67}.Debug|ARM.ActiveCfg = Debug|iPhoneSimulator
		{C77226C7-96B1-45A3-818F-87C87313AE67}.Debug|ARM.Build.0 = Debug|iPhoneSimulator
		{C77226C7-96B1-45A3-818F-87C87313AE67}.Debug|ARM.Deploy.0 = Debug|iPhoneSimulator
		{C77226C7-96B1-45A3-818F-87C87313AE67}.Debug|iPhone.ActiveCfg = Debug|iPhone
		{C77226C7-96B1-45A3-818F-87C87313AE67}.Debug|iPhone.Build.0 = Debug|iPhone
		{C77226C7-96B1-45A3-818F-87C87313AE67}.Debug|iPhone.Deploy.0 = Debug|iPhone
		{C77226C7-96B1-45A3-818F-87C87313AE67}.Debug|iPhoneSimulator.ActiveCfg = Debug|iPhoneSimulator
		{C77226C7-96B1-45A3-818F-87C87313AE67}.Debug|iPhoneSimulator.Build.0 = Debug|iPhoneSimulator
		{C77226C7-96B1-45A3-818F-87C87313AE67}.Debug|iPhoneSimulator.Deploy.0 = Debug|iPhoneSimulator
		{C77226C7-96B1-45A3-818F-87C87313AE67}.Debug|x64.ActiveCfg = Debug|iPhone
		{C77226C7-96B1-45A3-818F-87C87313AE67}.Debug|x64.Build.0 = Debug|iPhone
		{C77226C7-96B1-45A3-818F-87C87313AE67}.Debug|x64.Deploy.0 = Debug|iPhone
		{C77226C7-96B1-45A3-818F-87C87313AE67}.Debug|x86.ActiveCfg = Debug|iPhone
		{C77226C7-96B1-45A3-818F-87C87313AE67}.Debug|x86.Build.0 = Debug|iPhone
		{C77226C7-96B1-45A3-818F-87C87313AE67}.Debug|x86.Deploy.0 = Debug|iPhone
		{C77226C7-96B1-45A3-818F-87C87313AE67}.Release|Any CPU.ActiveCfg = Release|iPhone
		{C77226C7-96B1-45A3-818F-87C87313AE67}.Release|Any CPU.Build.0 = Release|iPhone
		{C77226C7-96B1-45A3-818F-87C87313AE67}.Release|Any CPU.Deploy.0 = Release|iPhone
		{C77226C7-96B1-45A3-818F-87C87313AE67}.Release|ARM.ActiveCfg = Release|iPhone
		{C77226C7-96B1-45A3-818F-87C87313AE67}.Release|ARM.Build.0 = Release|iPhone
		{C77226C7-96B1-45A3-818F-87C87313AE67}.Release|ARM.Deploy.0 = Release|iPhone
		{C77226C7-96B1-45A3-818F-87C87313AE67}.Release|iPhone.ActiveCfg = Release|iPhone
		{C77226C7-96B1-45A3-818F-87C87313AE67}.Release|iPhone.Build.0 = Release|iPhone
		{C77226C7-96B1-45A3-818F-87C87313AE67}.Release|iPhone.Deploy.0 = Release|iPhone
		{C77226C7-96B1-45A3-818F-87C87313AE67}.Release|iPhoneSimulator.ActiveCfg = Release|iPhoneSimulator
		{C77226C7-96B1-45A3-818F-87C87313AE67}.Release|iPhoneSimulator.Build.0 = Release|iPhoneSimulator
		{C77226C7-96B1-45A3-818F-87C87313AE67}.Release|iPhoneSimulator.Deploy.0 = Release|iPhoneSimulator
		{C77226C7-96B1-45A3-818F-87C87313AE67}.Release|x64.ActiveCfg = Release|iPhone
		{C77226C7-96B1-45A3-818F-87C87313AE67}.Release|x64.Build.0 = Release|iPhone
		{C77226C7-96B1-45A3-818F-87C87313AE67}.Release|x64.Deploy.0 = Release|iPhone
		{C77226C7-96B1-45A3-818F-87C87313AE67}.Release|x86.ActiveCfg = Release|iPhone
		{C77226C7-96B1-45A3-818F-87C87313AE67}.Release|x86.Build.0 = Release|iPhone
		{C77226C7-96B1-45A3-818F-87C87313AE67}.Release|x86.Deploy.0 = Release|iPhone
		{96F7CDED-1AB0-4765-ABC0-C48F66840C4E}.Debug|Any CPU.ActiveCfg = Debug|Any CPU
		{96F7CDED-1AB0-4765-ABC0-C48F66840C4E}.Debug|Any CPU.Build.0 = Debug|Any CPU
		{96F7CDED-1AB0-4765-ABC0-C48F66840C4E}.Debug|Any CPU.Deploy.0 = Debug|Any CPU
		{96F7CDED-1AB0-4765-ABC0-C48F66840C4E}.Debug|ARM.ActiveCfg = Debug|Any CPU
		{96F7CDED-1AB0-4765-ABC0-C48F66840C4E}.Debug|ARM.Build.0 = Debug|Any CPU
		{96F7CDED-1AB0-4765-ABC0-C48F66840C4E}.Debug|ARM.Deploy.0 = Debug|Any CPU
		{96F7CDED-1AB0-4765-ABC0-C48F66840C4E}.Debug|iPhone.ActiveCfg = Debug|Any CPU
		{96F7CDED-1AB0-4765-ABC0-C48F66840C4E}.Debug|iPhone.Build.0 = Debug|Any CPU
		{96F7CDED-1AB0-4765-ABC0-C48F66840C4E}.Debug|iPhone.Deploy.0 = Debug|Any CPU
		{96F7CDED-1AB0-4765-ABC0-C48F66840C4E}.Debug|iPhoneSimulator.ActiveCfg = Debug|Any CPU
		{96F7CDED-1AB0-4765-ABC0-C48F66840C4E}.Debug|iPhoneSimulator.Build.0 = Debug|Any CPU
		{96F7CDED-1AB0-4765-ABC0-C48F66840C4E}.Debug|iPhoneSimulator.Deploy.0 = Debug|Any CPU
		{96F7CDED-1AB0-4765-ABC0-C48F66840C4E}.Debug|x64.ActiveCfg = Debug|Any CPU
		{96F7CDED-1AB0-4765-ABC0-C48F66840C4E}.Debug|x64.Build.0 = Debug|Any CPU
		{96F7CDED-1AB0-4765-ABC0-C48F66840C4E}.Debug|x64.Deploy.0 = Debug|Any CPU
		{96F7CDED-1AB0-4765-ABC0-C48F66840C4E}.Debug|x86.ActiveCfg = Debug|Any CPU
		{96F7CDED-1AB0-4765-ABC0-C48F66840C4E}.Debug|x86.Build.0 = Debug|Any CPU
		{96F7CDED-1AB0-4765-ABC0-C48F66840C4E}.Debug|x86.Deploy.0 = Debug|Any CPU
		{96F7CDED-1AB0-4765-ABC0-C48F66840C4E}.Release|Any CPU.ActiveCfg = Release|Any CPU
		{96F7CDED-1AB0-4765-ABC0-C48F66840C4E}.Release|Any CPU.Build.0 = Release|Any CPU
		{96F7CDED-1AB0-4765-ABC0-C48F66840C4E}.Release|Any CPU.Deploy.0 = Release|Any CPU
		{96F7CDED-1AB0-4765-ABC0-C48F66840C4E}.Release|ARM.ActiveCfg = Release|Any CPU
		{96F7CDED-1AB0-4765-ABC0-C48F66840C4E}.Release|ARM.Build.0 = Release|Any CPU
		{96F7CDED-1AB0-4765-ABC0-C48F66840C4E}.Release|ARM.Deploy.0 = Release|Any CPU
		{96F7CDED-1AB0-4765-ABC0-C48F66840C4E}.Release|iPhone.ActiveCfg = Release|Any CPU
		{96F7CDED-1AB0-4765-ABC0-C48F66840C4E}.Release|iPhone.Build.0 = Release|Any CPU
		{96F7CDED-1AB0-4765-ABC0-C48F66840C4E}.Release|iPhone.Deploy.0 = Release|Any CPU
		{96F7CDED-1AB0-4765-ABC0-C48F66840C4E}.Release|iPhoneSimulator.ActiveCfg = Release|Any CPU
		{96F7CDED-1AB0-4765-ABC0-C48F66840C4E}.Release|iPhoneSimulator.Build.0 = Release|Any CPU
		{96F7CDED-1AB0-4765-ABC0-C48F66840C4E}.Release|iPhoneSimulator.Deploy.0 = Release|Any CPU
		{96F7CDED-1AB0-4765-ABC0-C48F66840C4E}.Release|x64.ActiveCfg = Release|Any CPU
		{96F7CDED-1AB0-4765-ABC0-C48F66840C4E}.Release|x64.Build.0 = Release|Any CPU
		{96F7CDED-1AB0-4765-ABC0-C48F66840C4E}.Release|x64.Deploy.0 = Release|Any CPU
		{96F7CDED-1AB0-4765-ABC0-C48F66840C4E}.Release|x86.ActiveCfg = Release|Any CPU
		{96F7CDED-1AB0-4765-ABC0-C48F66840C4E}.Release|x86.Build.0 = Release|Any CPU
		{96F7CDED-1AB0-4765-ABC0-C48F66840C4E}.Release|x86.Deploy.0 = Release|Any CPU
	EndGlobalSection
	GlobalSection(SolutionProperties) = preSolution
		HideSolutionNode = FALSE
	EndGlobalSection
	GlobalSection(ExtensibilityGlobals) = postSolution
		SolutionGuid = {B48B211B-1EC9-4760-A0A4-9027D7F7ED9E}
	EndGlobalSection
EndGlobal
