
Microsoft Visual Studio Solution File, Format Version 12.00
# Visual Studio Version 16
VisualStudioVersion = 16.0.29503.13
MinimumVisualStudioVersion = 10.0.40219.1
Project("{FAE04EC0-301F-11D3-BF4B-00C04F79EFBC}") = "App1_NossoChat.UWP", "App1_NossoChat\App1_NossoChat.UWP\App1_NossoChat.UWP.csproj", "{2BCD9E9F-E8B7-425D-BA1A-0C118E381DE5}"
EndProject
Project("{FAE04EC0-301F-11D3-BF4B-00C04F79EFBC}") = "App1_NossoChat.Android", "App1_NossoChat\App1_NossoChat.Android\App1_NossoChat.Android.csproj", "{B34AEAFE-F2CF-42B2-8075-62DE1007A568}"
EndProject
Project("{FAE04EC0-301F-11D3-BF4B-00C04F79EFBC}") = "App1_NossoChat.iOS", "App1_NossoChat\App1_NossoChat.iOS\App1_NossoChat.iOS.csproj", "{0E8013AC-CECB-437A-89F5-7EE630D24738}"
EndProject
Project("{FAE04EC0-301F-11D3-BF4B-00C04F79EFBC}") = "App1_NossoChat", "App1_NossoChat\App1_NossoChat\App1_NossoChat.csproj", "{E8F09785-EB5F-4FF0-8FBD-9318F456846D}"
EndProject
Global
	GlobalSection(SolutionConfigurationPlatforms) = preSolution
		Debug|Any CPU = Debug|Any CPU
		Debug|ARM = Debug|ARM
		Debug|iPhone = Debug|iPhone
		Debug|iPhoneSimulator = Debug|iPhoneSimulator
		Debug|x64 = Debug|x64
		Debug|x86 = Debug|x86
		Release|Any CPU = Release|Any CPU
		Release|ARM = Release|ARM
		Release|iPhone = Release|iPhone
		Release|iPhoneSimulator = Release|iPhoneSimulator
		Release|x64 = Release|x64
		Release|x86 = Release|x86
	EndGlobalSection
	GlobalSection(ProjectConfigurationPlatforms) = postSolution
		{2BCD9E9F-E8B7-425D-BA1A-0C118E381DE5}.Debug|Any CPU.ActiveCfg = Debug|x86
		{2BCD9E9F-E8B7-425D-BA1A-0C118E381DE5}.Debug|Any CPU.Build.0 = Debug|x86
		{2BCD9E9F-E8B7-425D-BA1A-0C118E381DE5}.Debug|Any CPU.Deploy.0 = Debug|x86
		{2BCD9E9F-E8B7-425D-BA1A-0C118E381DE5}.Debug|ARM.ActiveCfg = Debug|ARM
		{2BCD9E9F-E8B7-425D-BA1A-0C118E381DE5}.Debug|ARM.Build.0 = Debug|ARM
		{2BCD9E9F-E8B7-425D-BA1A-0C118E381DE5}.Debug|ARM.Deploy.0 = Debug|ARM
		{2BCD9E9F-E8B7-425D-BA1A-0C118E381DE5}.Debug|iPhone.ActiveCfg = Debug|x86
		{2BCD9E9F-E8B7-425D-BA1A-0C118E381DE5}.Debug|iPhone.Build.0 = Debug|x86
		{2BCD9E9F-E8B7-425D-BA1A-0C118E381DE5}.Debug|iPhone.Deploy.0 = Debug|x86
		{2BCD9E9F-E8B7-425D-BA1A-0C118E381DE5}.Debug|iPhoneSimulator.ActiveCfg = Debug|x86
		{2BCD9E9F-E8B7-425D-BA1A-0C118E381DE5}.Debug|iPhoneSimulator.Build.0 = Debug|x86
		{2BCD9E9F-E8B7-425D-BA1A-0C118E381DE5}.Debug|iPhoneSimulator.Deploy.0 = Debug|x86
		{2BCD9E9F-E8B7-425D-BA1A-0C118E381DE5}.Debug|x64.ActiveCfg = Debug|x64
		{2BCD9E9F-E8B7-425D-BA1A-0C118E381DE5}.Debug|x64.Build.0 = Debug|x64
		{2BCD9E9F-E8B7-425D-BA1A-0C118E381DE5}.Debug|x64.Deploy.0 = Debug|x64
		{2BCD9E9F-E8B7-425D-BA1A-0C118E381DE5}.Debug|x86.ActiveCfg = Debug|x86
		{2BCD9E9F-E8B7-425D-BA1A-0C118E381DE5}.Debug|x86.Build.0 = Debug|x86
		{2BCD9E9F-E8B7-425D-BA1A-0C118E381DE5}.Debug|x86.Deploy.0 = Debug|x86
		{2BCD9E9F-E8B7-425D-BA1A-0C118E381DE5}.Release|Any CPU.ActiveCfg = Release|x86
		{2BCD9E9F-E8B7-425D-BA1A-0C118E381DE5}.Release|Any CPU.Build.0 = Release|x86
		{2BCD9E9F-E8B7-425D-BA1A-0C118E381DE5}.Release|Any CPU.Deploy.0 = Release|x86
		{2BCD9E9F-E8B7-425D-BA1A-0C118E381DE5}.Release|ARM.ActiveCfg = Release|ARM
		{2BCD9E9F-E8B7-425D-BA1A-0C118E381DE5}.Release|ARM.Build.0 = Release|ARM
		{2BCD9E9F-E8B7-425D-BA1A-0C118E381DE5}.Release|ARM.Deploy.0 = Release|ARM
		{2BCD9E9F-E8B7-425D-BA1A-0C118E381DE5}.Release|iPhone.ActiveCfg = Release|x86
		{2BCD9E9F-E8B7-425D-BA1A-0C118E381DE5}.Release|iPhone.Build.0 = Release|x86
		{2BCD9E9F-E8B7-425D-BA1A-0C118E381DE5}.Release|iPhone.Deploy.0 = Release|x86
		{2BCD9E9F-E8B7-425D-BA1A-0C118E381DE5}.Release|iPhoneSimulator.ActiveCfg = Release|x86
		{2BCD9E9F-E8B7-425D-BA1A-0C118E381DE5}.Release|iPhoneSimulator.Build.0 = Release|x86
		{2BCD9E9F-E8B7-425D-BA1A-0C118E381DE5}.Release|iPhoneSimulator.Deploy.0 = Release|x86
		{2BCD9E9F-E8B7-425D-BA1A-0C118E381DE5}.Release|x64.ActiveCfg = Release|x64
		{2BCD9E9F-E8B7-425D-BA1A-0C118E381DE5}.Release|x64.Build.0 = Release|x64
		{2BCD9E9F-E8B7-425D-BA1A-0C118E381DE5}.Release|x64.Deploy.0 = Release|x64
		{2BCD9E9F-E8B7-425D-BA1A-0C118E381DE5}.Release|x86.ActiveCfg = Release|x86
		{2BCD9E9F-E8B7-425D-BA1A-0C118E381DE5}.Release|x86.Build.0 = Release|x86
		{2BCD9E9F-E8B7-425D-BA1A-0C118E381DE5}.Release|x86.Deploy.0 = Release|x86
		{B34AEAFE-F2CF-42B2-8075-62DE1007A568}.Debug|Any CPU.ActiveCfg = Debug|Any CPU
		{B34AEAFE-F2CF-42B2-8075-62DE1007A568}.Debug|Any CPU.Build.0 = Debug|Any CPU
		{B34AEAFE-F2CF-42B2-8075-62DE1007A568}.Debug|Any CPU.Deploy.0 = Debug|Any CPU
		{B34AEAFE-F2CF-42B2-8075-62DE1007A568}.Debug|ARM.ActiveCfg = Debug|Any CPU
		{B34AEAFE-F2CF-42B2-8075-62DE1007A568}.Debug|ARM.Build.0 = Debug|Any CPU
		{B34AEAFE-F2CF-42B2-8075-62DE1007A568}.Debug|ARM.Deploy.0 = Debug|Any CPU
		{B34AEAFE-F2CF-42B2-8075-62DE1007A568}.Debug|iPhone.ActiveCfg = Debug|Any CPU
		{B34AEAFE-F2CF-42B2-8075-62DE1007A568}.Debug|iPhone.Build.0 = Debug|Any CPU
		{B34AEAFE-F2CF-42B2-8075-62DE1007A568}.Debug|iPhone.Deploy.0 = Debug|Any CPU
		{B34AEAFE-F2CF-42B2-8075-62DE1007A568}.Debug|iPhoneSimulator.ActiveCfg = Debug|Any CPU
		{B34AEAFE-F2CF-42B2-8075-62DE1007A568}.Debug|iPhoneSimulator.Build.0 = Debug|Any CPU
		{B34AEAFE-F2CF-42B2-8075-62DE1007A568}.Debug|iPhoneSimulator.Deploy.0 = Debug|Any CPU
		{B34AEAFE-F2CF-42B2-8075-62DE1007A568}.Debug|x64.ActiveCfg = Debug|Any CPU
		{B34AEAFE-F2CF-42B2-8075-62DE1007A568}.Debug|x64.Build.0 = Debug|Any CPU
		{B34AEAFE-F2CF-42B2-8075-62DE1007A568}.Debug|x64.Deploy.0 = Debug|Any CPU
		{B34AEAFE-F2CF-42B2-8075-62DE1007A568}.Debug|x86.ActiveCfg = Debug|Any CPU
		{B34AEAFE-F2CF-42B2-8075-62DE1007A568}.Debug|x86.Build.0 = Debug|Any CPU
		{B34AEAFE-F2CF-42B2-8075-62DE1007A568}.Debug|x86.Deploy.0 = Debug|Any CPU
		{B34AEAFE-F2CF-42B2-8075-62DE1007A568}.Release|Any CPU.ActiveCfg = Release|Any CPU
		{B34AEAFE-F2CF-42B2-8075-62DE1007A568}.Release|Any CPU.Build.0 = Release|Any CPU
		{B34AEAFE-F2CF-42B2-8075-62DE1007A568}.Release|Any CPU.Deploy.0 = Release|Any CPU
		{B34AEAFE-F2CF-42B2-8075-62DE1007A568}.Release|ARM.ActiveCfg = Release|Any CPU
		{B34AEAFE-F2CF-42B2-8075-62DE1007A568}.Release|ARM.Build.0 = Release|Any CPU
		{B34AEAFE-F2CF-42B2-8075-62DE1007A568}.Release|ARM.Deploy.0 = Release|Any CPU
		{B34AEAFE-F2CF-42B2-8075-62DE1007A568}.Release|iPhone.ActiveCfg = Release|Any CPU
		{B34AEAFE-F2CF-42B2-8075-62DE1007A568}.Release|iPhone.Build.0 = Release|Any CPU
		{B34AEAFE-F2CF-42B2-8075-62DE1007A568}.Release|iPhone.Deploy.0 = Release|Any CPU
		{B34AEAFE-F2CF-42B2-8075-62DE1007A568}.Release|iPhoneSimulator.ActiveCfg = Release|Any CPU
		{B34AEAFE-F2CF-42B2-8075-62DE1007A568}.Release|iPhoneSimulator.Build.0 = Release|Any CPU
		{B34AEAFE-F2CF-42B2-8075-62DE1007A568}.Release|iPhoneSimulator.Deploy.0 = Release|Any CPU
		{B34AEAFE-F2CF-42B2-8075-62DE1007A568}.Release|x64.ActiveCfg = Release|Any CPU
		{B34AEAFE-F2CF-42B2-8075-62DE1007A568}.Release|x64.Build.0 = Release|Any CPU
		{B34AEAFE-F2CF-42B2-8075-62DE1007A568}.Release|x64.Deploy.0 = Release|Any CPU
		{B34AEAFE-F2CF-42B2-8075-62DE1007A568}.Release|x86.ActiveCfg = Release|Any CPU
		{B34AEAFE-F2CF-42B2-8075-62DE1007A568}.Release|x86.Build.0 = Release|Any CPU
		{B34AEAFE-F2CF-42B2-8075-62DE1007A568}.Release|x86.Deploy.0 = Release|Any CPU
		{0E8013AC-CECB-437A-89F5-7EE630D24738}.Debug|Any CPU.ActiveCfg = Debug|iPhone
		{0E8013AC-CECB-437A-89F5-7EE630D24738}.Debug|Any CPU.Build.0 = Debug|iPhone
		{0E8013AC-CECB-437A-89F5-7EE630D24738}.Debug|Any CPU.Deploy.0 = Debug|iPhone
		{0E8013AC-CECB-437A-89F5-7EE630D24738}.Debug|ARM.ActiveCfg = Debug|iPhoneSimulator
		{0E8013AC-CECB-437A-89F5-7EE630D24738}.Debug|ARM.Build.0 = Debug|iPhoneSimulator
		{0E8013AC-CECB-437A-89F5-7EE630D24738}.Debug|ARM.Deploy.0 = Debug|iPhoneSimulator
		{0E8013AC-CECB-437A-89F5-7EE630D24738}.Debug|iPhone.ActiveCfg = Debug|iPhone
		{0E8013AC-CECB-437A-89F5-7EE630D24738}.Debug|iPhone.Build.0 = Debug|iPhone
		{0E8013AC-CECB-437A-89F5-7EE630D24738}.Debug|iPhone.Deploy.0 = Debug|iPhone
		{0E8013AC-CECB-437A-89F5-7EE630D24738}.Debug|iPhoneSimulator.ActiveCfg = Debug|iPhoneSimulator
		{0E8013AC-CECB-437A-89F5-7EE630D24738}.Debug|iPhoneSimulator.Build.0 = Debug|iPhoneSimulator
		{0E8013AC-CECB-437A-89F5-7EE630D24738}.Debug|iPhoneSimulator.Deploy.0 = Debug|iPhoneSimulator
		{0E8013AC-CECB-437A-89F5-7EE630D24738}.Debug|x64.ActiveCfg = Debug|iPhone
		{0E8013AC-CECB-437A-89F5-7EE630D24738}.Debug|x64.Build.0 = Debug|iPhone
		{0E8013AC-CECB-437A-89F5-7EE630D24738}.Debug|x64.Deploy.0 = Debug|iPhone
		{0E8013AC-CECB-437A-89F5-7EE630D24738}.Debug|x86.ActiveCfg = Debug|iPhone
		{0E8013AC-CECB-437A-89F5-7EE630D24738}.Debug|x86.Build.0 = Debug|iPhone
		{0E8013AC-CECB-437A-89F5-7EE630D24738}.Debug|x86.Deploy.0 = Debug|iPhone
		{0E8013AC-CECB-437A-89F5-7EE630D24738}.Release|Any CPU.ActiveCfg = Release|iPhone
		{0E8013AC-CECB-437A-89F5-7EE630D24738}.Release|Any CPU.Build.0 = Release|iPhone
		{0E8013AC-CECB-437A-89F5-7EE630D24738}.Release|Any CPU.Deploy.0 = Release|iPhone
		{0E8013AC-CECB-437A-89F5-7EE630D24738}.Release|ARM.ActiveCfg = Release|iPhone
		{0E8013AC-CECB-437A-89F5-7EE630D24738}.Release|ARM.Build.0 = Release|iPhone
		{0E8013AC-CECB-437A-89F5-7EE630D24738}.Release|ARM.Deploy.0 = Release|iPhone
		{0E8013AC-CECB-437A-89F5-7EE630D24738}.Release|iPhone.ActiveCfg = Release|iPhone
		{0E8013AC-CECB-437A-89F5-7EE630D24738}.Release|iPhone.Build.0 = Release|iPhone
		{0E8013AC-CECB-437A-89F5-7EE630D24738}.Release|iPhone.Deploy.0 = Release|iPhone
		{0E8013AC-CECB-437A-89F5-7EE630D24738}.Release|iPhoneSimulator.ActiveCfg = Release|iPhoneSimulator
		{0E8013AC-CECB-437A-89F5-7EE630D24738}.Release|iPhoneSimulator.Build.0 = Release|iPhoneSimulator
		{0E8013AC-CECB-437A-89F5-7EE630D24738}.Release|iPhoneSimulator.Deploy.0 = Release|iPhoneSimulator
		{0E8013AC-CECB-437A-89F5-7EE630D24738}.Release|x64.ActiveCfg = Release|iPhone
		{0E8013AC-CECB-437A-89F5-7EE630D24738}.Release|x64.Build.0 = Release|iPhone
		{0E8013AC-CECB-437A-89F5-7EE630D24738}.Release|x64.Deploy.0 = Release|iPhone
		{0E8013AC-CECB-437A-89F5-7EE630D24738}.Release|x86.ActiveCfg = Release|iPhone
		{0E8013AC-CECB-437A-89F5-7EE630D24738}.Release|x86.Build.0 = Release|iPhone
		{0E8013AC-CECB-437A-89F5-7EE630D24738}.Release|x86.Deploy.0 = Release|iPhone
		{E8F09785-EB5F-4FF0-8FBD-9318F456846D}.Debug|Any CPU.ActiveCfg = Debug|Any CPU
		{E8F09785-EB5F-4FF0-8FBD-9318F456846D}.Debug|Any CPU.Build.0 = Debug|Any CPU
		{E8F09785-EB5F-4FF0-8FBD-9318F456846D}.Debug|Any CPU.Deploy.0 = Debug|Any CPU
		{E8F09785-EB5F-4FF0-8FBD-9318F456846D}.Debug|ARM.ActiveCfg = Debug|Any CPU
		{E8F09785-EB5F-4FF0-8FBD-9318F456846D}.Debug|ARM.Build.0 = Debug|Any CPU
		{E8F09785-EB5F-4FF0-8FBD-9318F456846D}.Debug|ARM.Deploy.0 = Debug|Any CPU
		{E8F09785-EB5F-4FF0-8FBD-9318F456846D}.Debug|iPhone.ActiveCfg = Debug|Any CPU
		{E8F09785-EB5F-4FF0-8FBD-9318F456846D}.Debug|iPhone.Build.0 = Debug|Any CPU
		{E8F09785-EB5F-4FF0-8FBD-9318F456846D}.Debug|iPhone.Deploy.0 = Debug|Any CPU
		{E8F09785-EB5F-4FF0-8FBD-9318F456846D}.Debug|iPhoneSimulator.ActiveCfg = Debug|Any CPU
		{E8F09785-EB5F-4FF0-8FBD-9318F456846D}.Debug|iPhoneSimulator.Build.0 = Debug|Any CPU
		{E8F09785-EB5F-4FF0-8FBD-9318F456846D}.Debug|iPhoneSimulator.Deploy.0 = Debug|Any CPU
		{E8F09785-EB5F-4FF0-8FBD-9318F456846D}.Debug|x64.ActiveCfg = Debug|Any CPU
		{E8F09785-EB5F-4FF0-8FBD-9318F456846D}.Debug|x64.Build.0 = Debug|Any CPU
		{E8F09785-EB5F-4FF0-8FBD-9318F456846D}.Debug|x64.Deploy.0 = Debug|Any CPU
		{E8F09785-EB5F-4FF0-8FBD-9318F456846D}.Debug|x86.ActiveCfg = Debug|Any CPU
		{E8F09785-EB5F-4FF0-8FBD-9318F456846D}.Debug|x86.Build.0 = Debug|Any CPU
		{E8F09785-EB5F-4FF0-8FBD-9318F456846D}.Debug|x86.Deploy.0 = Debug|Any CPU
		{E8F09785-EB5F-4FF0-8FBD-9318F456846D}.Release|Any CPU.ActiveCfg = Release|Any CPU
		{E8F09785-EB5F-4FF0-8FBD-9318F456846D}.Release|Any CPU.Build.0 = Release|Any CPU
		{E8F09785-EB5F-4FF0-8FBD-9318F456846D}.Release|Any CPU.Deploy.0 = Release|Any CPU
		{E8F09785-EB5F-4FF0-8FBD-9318F456846D}.Release|ARM.ActiveCfg = Release|Any CPU
		{E8F09785-EB5F-4FF0-8FBD-9318F456846D}.Release|ARM.Build.0 = Release|Any CPU
		{E8F09785-EB5F-4FF0-8FBD-9318F456846D}.Release|ARM.Deploy.0 = Release|Any CPU
		{E8F09785-EB5F-4FF0-8FBD-9318F456846D}.Release|iPhone.ActiveCfg = Release|Any CPU
		{E8F09785-EB5F-4FF0-8FBD-9318F456846D}.Release|iPhone.Build.0 = Release|Any CPU
		{E8F09785-EB5F-4FF0-8FBD-9318F456846D}.Release|iPhone.Deploy.0 = Release|Any CPU
		{E8F09785-EB5F-4FF0-8FBD-9318F456846D}.Release|iPhoneSimulator.ActiveCfg = Release|Any CPU
		{E8F09785-EB5F-4FF0-8FBD-9318F456846D}.Release|iPhoneSimulator.Build.0 = Release|Any CPU
		{E8F09785-EB5F-4FF0-8FBD-9318F456846D}.Release|iPhoneSimulator.Deploy.0 = Release|Any CPU
		{E8F09785-EB5F-4FF0-8FBD-9318F456846D}.Release|x64.ActiveCfg = Release|Any CPU
		{E8F09785-EB5F-4FF0-8FBD-9318F456846D}.Release|x64.Build.0 = Release|Any CPU
		{E8F09785-EB5F-4FF0-8FBD-9318F456846D}.Release|x64.Deploy.0 = Release|Any CPU
		{E8F09785-EB5F-4FF0-8FBD-9318F456846D}.Release|x86.ActiveCfg = Release|Any CPU
		{E8F09785-EB5F-4FF0-8FBD-9318F456846D}.Release|x86.Build.0 = Release|Any CPU
		{E8F09785-EB5F-4FF0-8FBD-9318F456846D}.Release|x86.Deploy.0 = Release|Any CPU
	EndGlobalSection
	GlobalSection(SolutionProperties) = preSolution
		HideSolutionNode = FALSE
	EndGlobalSection
	GlobalSection(ExtensibilityGlobals) = postSolution
		SolutionGuid = {A6CC70BC-8234-49FD-BAD0-BAC8F34BC660}
	EndGlobalSection
EndGlobal
