
Microsoft Visual Studio Solution File, Format Version 12.00
# Visual Studio Version 16
VisualStudioVersion = 16.0.29503.13
MinimumVisualStudioVersion = 10.0.40219.1
Project("{FAE04EC0-301F-11D3-BF4B-00C04F79EFBC}") = "App01_LayoutXF.UWP", "App01_LayoutXF\App01_LayoutXF.UWP\App01_LayoutXF.UWP.csproj", "{4927FF32-2FE9-4BBA-B087-DDB1739BFE6A}"
EndProject
Project("{FAE04EC0-301F-11D3-BF4B-00C04F79EFBC}") = "App01_LayoutXF.Android", "App01_LayoutXF\App01_LayoutXF.Android\App01_LayoutXF.Android.csproj", "{4F88BF60-B847-464A-B41D-9676313A4F2C}"
EndProject
Project("{FAE04EC0-301F-11D3-BF4B-00C04F79EFBC}") = "App01_LayoutXF.iOS", "App01_LayoutXF\App01_LayoutXF.iOS\App01_LayoutXF.iOS.csproj", "{DE35F4FF-2536-449F-87E2-1423C54F346A}"
EndProject
Project("{FAE04EC0-301F-11D3-BF4B-00C04F79EFBC}") = "App01_LayoutXF", "App01_LayoutXF\App01_LayoutXF\App01_LayoutXF.csproj", "{D5763105-D739-4680-8B33-EA3E2B1CC8B7}"
EndProject
Global
	GlobalSection(SolutionConfigurationPlatforms) = preSolution
		Debug|Any CPU = Debug|Any CPU
		Debug|ARM = Debug|ARM
		Debug|iPhone = Debug|iPhone
		Debug|iPhoneSimulator = Debug|iPhoneSimulator
		Debug|x64 = Debug|x64
		Debug|x86 = Debug|x86
		Release|Any CPU = Release|Any CPU
		Release|ARM = Release|ARM
		Release|iPhone = Release|iPhone
		Release|iPhoneSimulator = Release|iPhoneSimulator
		Release|x64 = Release|x64
		Release|x86 = Release|x86
	EndGlobalSection
	GlobalSection(ProjectConfigurationPlatforms) = postSolution
		{4927FF32-2FE9-4BBA-B087-DDB1739BFE6A}.Debug|Any CPU.ActiveCfg = Debug|x86
		{4927FF32-2FE9-4BBA-B087-DDB1739BFE6A}.Debug|Any CPU.Build.0 = Debug|x86
		{4927FF32-2FE9-4BBA-B087-DDB1739BFE6A}.Debug|Any CPU.Deploy.0 = Debug|x86
		{4927FF32-2FE9-4BBA-B087-DDB1739BFE6A}.Debug|ARM.ActiveCfg = Debug|ARM
		{4927FF32-2FE9-4BBA-B087-DDB1739BFE6A}.Debug|ARM.Build.0 = Debug|ARM
		{4927FF32-2FE9-4BBA-B087-DDB1739BFE6A}.Debug|ARM.Deploy.0 = Debug|ARM
		{4927FF32-2FE9-4BBA-B087-DDB1739BFE6A}.Debug|iPhone.ActiveCfg = Debug|x86
		{4927FF32-2FE9-4BBA-B087-DDB1739BFE6A}.Debug|iPhone.Build.0 = Debug|x86
		{4927FF32-2FE9-4BBA-B087-DDB1739BFE6A}.Debug|iPhone.Deploy.0 = Debug|x86
		{4927FF32-2FE9-4BBA-B087-DDB1739BFE6A}.Debug|iPhoneSimulator.ActiveCfg = Debug|x86
		{4927FF32-2FE9-4BBA-B087-DDB1739BFE6A}.Debug|iPhoneSimulator.Build.0 = Debug|x86
		{4927FF32-2FE9-4BBA-B087-DDB1739BFE6A}.Debug|iPhoneSimulator.Deploy.0 = Debug|x86
		{4927FF32-2FE9-4BBA-B087-DDB1739BFE6A}.Debug|x64.ActiveCfg = Debug|x64
		{4927FF32-2FE9-4BBA-B087-DDB1739BFE6A}.Debug|x64.Build.0 = Debug|x64
		{4927FF32-2FE9-4BBA-B087-DDB1739BFE6A}.Debug|x64.Deploy.0 = Debug|x64
		{4927FF32-2FE9-4BBA-B087-DDB1739BFE6A}.Debug|x86.ActiveCfg = Debug|x86
		{4927FF32-2FE9-4BBA-B087-DDB1739BFE6A}.Debug|x86.Build.0 = Debug|x86
		{4927FF32-2FE9-4BBA-B087-DDB1739BFE6A}.Debug|x86.Deploy.0 = Debug|x86
		{4927FF32-2FE9-4BBA-B087-DDB1739BFE6A}.Release|Any CPU.ActiveCfg = Release|x86
		{4927FF32-2FE9-4BBA-B087-DDB1739BFE6A}.Release|Any CPU.Build.0 = Release|x86
		{4927FF32-2FE9-4BBA-B087-DDB1739BFE6A}.Release|Any CPU.Deploy.0 = Release|x86
		{4927FF32-2FE9-4BBA-B087-DDB1739BFE6A}.Release|ARM.ActiveCfg = Release|ARM
		{4927FF32-2FE9-4BBA-B087-DDB1739BFE6A}.Release|ARM.Build.0 = Release|ARM
		{4927FF32-2FE9-4BBA-B087-DDB1739BFE6A}.Release|ARM.Deploy.0 = Release|ARM
		{4927FF32-2FE9-4BBA-B087-DDB1739BFE6A}.Release|iPhone.ActiveCfg = Release|x86
		{4927FF32-2FE9-4BBA-B087-DDB1739BFE6A}.Release|iPhone.Build.0 = Release|x86
		{4927FF32-2FE9-4BBA-B087-DDB1739BFE6A}.Release|iPhone.Deploy.0 = Release|x86
		{4927FF32-2FE9-4BBA-B087-DDB1739BFE6A}.Release|iPhoneSimulator.ActiveCfg = Release|x86
		{4927FF32-2FE9-4BBA-B087-DDB1739BFE6A}.Release|iPhoneSimulator.Build.0 = Release|x86
		{4927FF32-2FE9-4BBA-B087-DDB1739BFE6A}.Release|iPhoneSimulator.Deploy.0 = Release|x86
		{4927FF32-2FE9-4BBA-B087-DDB1739BFE6A}.Release|x64.ActiveCfg = Release|x64
		{4927FF32-2FE9-4BBA-B087-DDB1739BFE6A}.Release|x64.Build.0 = Release|x64
		{4927FF32-2FE9-4BBA-B087-DDB1739BFE6A}.Release|x64.Deploy.0 = Release|x64
		{4927FF32-2FE9-4BBA-B087-DDB1739BFE6A}.Release|x86.ActiveCfg = Release|x86
		{4927FF32-2FE9-4BBA-B087-DDB1739BFE6A}.Release|x86.Build.0 = Release|x86
		{4927FF32-2FE9-4BBA-B087-DDB1739BFE6A}.Release|x86.Deploy.0 = Release|x86
		{4F88BF60-B847-464A-B41D-9676313A4F2C}.Debug|Any CPU.ActiveCfg = Debug|Any CPU
		{4F88BF60-B847-464A-B41D-9676313A4F2C}.Debug|Any CPU.Build.0 = Debug|Any CPU
		{4F88BF60-B847-464A-B41D-9676313A4F2C}.Debug|Any CPU.Deploy.0 = Debug|Any CPU
		{4F88BF60-B847-464A-B41D-9676313A4F2C}.Debug|ARM.ActiveCfg = Debug|Any CPU
		{4F88BF60-B847-464A-B41D-9676313A4F2C}.Debug|ARM.Build.0 = Debug|Any CPU
		{4F88BF60-B847-464A-B41D-9676313A4F2C}.Debug|ARM.Deploy.0 = Debug|Any CPU
		{4F88BF60-B847-464A-B41D-9676313A4F2C}.Debug|iPhone.ActiveCfg = Debug|Any CPU
		{4F88BF60-B847-464A-B41D-9676313A4F2C}.Debug|iPhone.Build.0 = Debug|Any CPU
		{4F88BF60-B847-464A-B41D-9676313A4F2C}.Debug|iPhone.Deploy.0 = Debug|Any CPU
		{4F88BF60-B847-464A-B41D-9676313A4F2C}.Debug|iPhoneSimulator.ActiveCfg = Debug|Any CPU
		{4F88BF60-B847-464A-B41D-9676313A4F2C}.Debug|iPhoneSimulator.Build.0 = Debug|Any CPU
		{4F88BF60-B847-464A-B41D-9676313A4F2C}.Debug|iPhoneSimulator.Deploy.0 = Debug|Any CPU
		{4F88BF60-B847-464A-B41D-9676313A4F2C}.Debug|x64.ActiveCfg = Debug|Any CPU
		{4F88BF60-B847-464A-B41D-9676313A4F2C}.Debug|x64.Build.0 = Debug|Any CPU
		{4F88BF60-B847-464A-B41D-9676313A4F2C}.Debug|x64.Deploy.0 = Debug|Any CPU
		{4F88BF60-B847-464A-B41D-9676313A4F2C}.Debug|x86.ActiveCfg = Debug|Any CPU
		{4F88BF60-B847-464A-B41D-9676313A4F2C}.Debug|x86.Build.0 = Debug|Any CPU
		{4F88BF60-B847-464A-B41D-9676313A4F2C}.Debug|x86.Deploy.0 = Debug|Any CPU
		{4F88BF60-B847-464A-B41D-9676313A4F2C}.Release|Any CPU.ActiveCfg = Release|Any CPU
		{4F88BF60-B847-464A-B41D-9676313A4F2C}.Release|Any CPU.Build.0 = Release|Any CPU
		{4F88BF60-B847-464A-B41D-9676313A4F2C}.Release|Any CPU.Deploy.0 = Release|Any CPU
		{4F88BF60-B847-464A-B41D-9676313A4F2C}.Release|ARM.ActiveCfg = Release|Any CPU
		{4F88BF60-B847-464A-B41D-9676313A4F2C}.Release|ARM.Build.0 = Release|Any CPU
		{4F88BF60-B847-464A-B41D-9676313A4F2C}.Release|ARM.Deploy.0 = Release|Any CPU
		{4F88BF60-B847-464A-B41D-9676313A4F2C}.Release|iPhone.ActiveCfg = Release|Any CPU
		{4F88BF60-B847-464A-B41D-9676313A4F2C}.Release|iPhone.Build.0 = Release|Any CPU
		{4F88BF60-B847-464A-B41D-9676313A4F2C}.Release|iPhone.Deploy.0 = Release|Any CPU
		{4F88BF60-B847-464A-B41D-9676313A4F2C}.Release|iPhoneSimulator.ActiveCfg = Release|Any CPU
		{4F88BF60-B847-464A-B41D-9676313A4F2C}.Release|iPhoneSimulator.Build.0 = Release|Any CPU
		{4F88BF60-B847-464A-B41D-9676313A4F2C}.Release|iPhoneSimulator.Deploy.0 = Release|Any CPU
		{4F88BF60-B847-464A-B41D-9676313A4F2C}.Release|x64.ActiveCfg = Release|Any CPU
		{4F88BF60-B847-464A-B41D-9676313A4F2C}.Release|x64.Build.0 = Release|Any CPU
		{4F88BF60-B847-464A-B41D-9676313A4F2C}.Release|x64.Deploy.0 = Release|Any CPU
		{4F88BF60-B847-464A-B41D-9676313A4F2C}.Release|x86.ActiveCfg = Release|Any CPU
		{4F88BF60-B847-464A-B41D-9676313A4F2C}.Release|x86.Build.0 = Release|Any CPU
		{4F88BF60-B847-464A-B41D-9676313A4F2C}.Release|x86.Deploy.0 = Release|Any CPU
		{DE35F4FF-2536-449F-87E2-1423C54F346A}.Debug|Any CPU.ActiveCfg = Debug|iPhone
		{DE35F4FF-2536-449F-87E2-1423C54F346A}.Debug|Any CPU.Build.0 = Debug|iPhone
		{DE35F4FF-2536-449F-87E2-1423C54F346A}.Debug|Any CPU.Deploy.0 = Debug|iPhone
		{DE35F4FF-2536-449F-87E2-1423C54F346A}.Debug|ARM.ActiveCfg = Debug|iPhoneSimulator
		{DE35F4FF-2536-449F-87E2-1423C54F346A}.Debug|ARM.Build.0 = Debug|iPhoneSimulator
		{DE35F4FF-2536-449F-87E2-1423C54F346A}.Debug|ARM.Deploy.0 = Debug|iPhoneSimulator
		{DE35F4FF-2536-449F-87E2-1423C54F346A}.Debug|iPhone.ActiveCfg = Debug|iPhone
		{DE35F4FF-2536-449F-87E2-1423C54F346A}.Debug|iPhone.Build.0 = Debug|iPhone
		{DE35F4FF-2536-449F-87E2-1423C54F346A}.Debug|iPhone.Deploy.0 = Debug|iPhone
		{DE35F4FF-2536-449F-87E2-1423C54F346A}.Debug|iPhoneSimulator.ActiveCfg = Debug|iPhoneSimulator
		{DE35F4FF-2536-449F-87E2-1423C54F346A}.Debug|iPhoneSimulator.Build.0 = Debug|iPhoneSimulator
		{DE35F4FF-2536-449F-87E2-1423C54F346A}.Debug|iPhoneSimulator.Deploy.0 = Debug|iPhoneSimulator
		{DE35F4FF-2536-449F-87E2-1423C54F346A}.Debug|x64.ActiveCfg = Debug|iPhone
		{DE35F4FF-2536-449F-87E2-1423C54F346A}.Debug|x64.Build.0 = Debug|iPhone
		{DE35F4FF-2536-449F-87E2-1423C54F346A}.Debug|x64.Deploy.0 = Debug|iPhone
		{DE35F4FF-2536-449F-87E2-1423C54F346A}.Debug|x86.ActiveCfg = Debug|iPhone
		{DE35F4FF-2536-449F-87E2-1423C54F346A}.Debug|x86.Build.0 = Debug|iPhone
		{DE35F4FF-2536-449F-87E2-1423C54F346A}.Debug|x86.Deploy.0 = Debug|iPhone
		{DE35F4FF-2536-449F-87E2-1423C54F346A}.Release|Any CPU.ActiveCfg = Release|iPhone
		{DE35F4FF-2536-449F-87E2-1423C54F346A}.Release|Any CPU.Build.0 = Release|iPhone
		{DE35F4FF-2536-449F-87E2-1423C54F346A}.Release|Any CPU.Deploy.0 = Release|iPhone
		{DE35F4FF-2536-449F-87E2-1423C54F346A}.Release|ARM.ActiveCfg = Release|iPhone
		{DE35F4FF-2536-449F-87E2-1423C54F346A}.Release|ARM.Build.0 = Release|iPhone
		{DE35F4FF-2536-449F-87E2-1423C54F346A}.Release|ARM.Deploy.0 = Release|iPhone
		{DE35F4FF-2536-449F-87E2-1423C54F346A}.Release|iPhone.ActiveCfg = Release|iPhone
		{DE35F4FF-2536-449F-87E2-1423C54F346A}.Release|iPhone.Build.0 = Release|iPhone
		{DE35F4FF-2536-449F-87E2-1423C54F346A}.Release|iPhone.Deploy.0 = Release|iPhone
		{DE35F4FF-2536-449F-87E2-1423C54F346A}.Release|iPhoneSimulator.ActiveCfg = Release|iPhoneSimulator
		{DE35F4FF-2536-449F-87E2-1423C54F346A}.Release|iPhoneSimulator.Build.0 = Release|iPhoneSimulator
		{DE35F4FF-2536-449F-87E2-1423C54F346A}.Release|iPhoneSimulator.Deploy.0 = Release|iPhoneSimulator
		{DE35F4FF-2536-449F-87E2-1423C54F346A}.Release|x64.ActiveCfg = Release|iPhone
		{DE35F4FF-2536-449F-87E2-1423C54F346A}.Release|x64.Build.0 = Release|iPhone
		{DE35F4FF-2536-449F-87E2-1423C54F346A}.Release|x64.Deploy.0 = Release|iPhone
		{DE35F4FF-2536-449F-87E2-1423C54F346A}.Release|x86.ActiveCfg = Release|iPhone
		{DE35F4FF-2536-449F-87E2-1423C54F346A}.Release|x86.Build.0 = Release|iPhone
		{DE35F4FF-2536-449F-87E2-1423C54F346A}.Release|x86.Deploy.0 = Release|iPhone
		{D5763105-D739-4680-8B33-EA3E2B1CC8B7}.Debug|Any CPU.ActiveCfg = Debug|Any CPU
		{D5763105-D739-4680-8B33-EA3E2B1CC8B7}.Debug|Any CPU.Build.0 = Debug|Any CPU
		{D5763105-D739-4680-8B33-EA3E2B1CC8B7}.Debug|Any CPU.Deploy.0 = Debug|Any CPU
		{D5763105-D739-4680-8B33-EA3E2B1CC8B7}.Debug|ARM.ActiveCfg = Debug|Any CPU
		{D5763105-D739-4680-8B33-EA3E2B1CC8B7}.Debug|ARM.Build.0 = Debug|Any CPU
		{D5763105-D739-4680-8B33-EA3E2B1CC8B7}.Debug|ARM.Deploy.0 = Debug|Any CPU
		{D5763105-D739-4680-8B33-EA3E2B1CC8B7}.Debug|iPhone.ActiveCfg = Debug|Any CPU
		{D5763105-D739-4680-8B33-EA3E2B1CC8B7}.Debug|iPhone.Build.0 = Debug|Any CPU
		{D5763105-D739-4680-8B33-EA3E2B1CC8B7}.Debug|iPhone.Deploy.0 = Debug|Any CPU
		{D5763105-D739-4680-8B33-EA3E2B1CC8B7}.Debug|iPhoneSimulator.ActiveCfg = Debug|Any CPU
		{D5763105-D739-4680-8B33-EA3E2B1CC8B7}.Debug|iPhoneSimulator.Build.0 = Debug|Any CPU
		{D5763105-D739-4680-8B33-EA3E2B1CC8B7}.Debug|iPhoneSimulator.Deploy.0 = Debug|Any CPU
		{D5763105-D739-4680-8B33-EA3E2B1CC8B7}.Debug|x64.ActiveCfg = Debug|Any CPU
		{D5763105-D739-4680-8B33-EA3E2B1CC8B7}.Debug|x64.Build.0 = Debug|Any CPU
		{D5763105-D739-4680-8B33-EA3E2B1CC8B7}.Debug|x64.Deploy.0 = Debug|Any CPU
		{D5763105-D739-4680-8B33-EA3E2B1CC8B7}.Debug|x86.ActiveCfg = Debug|Any CPU
		{D5763105-D739-4680-8B33-EA3E2B1CC8B7}.Debug|x86.Build.0 = Debug|Any CPU
		{D5763105-D739-4680-8B33-EA3E2B1CC8B7}.Debug|x86.Deploy.0 = Debug|Any CPU
		{D5763105-D739-4680-8B33-EA3E2B1CC8B7}.Release|Any CPU.ActiveCfg = Release|Any CPU
		{D5763105-D739-4680-8B33-EA3E2B1CC8B7}.Release|Any CPU.Build.0 = Release|Any CPU
		{D5763105-D739-4680-8B33-EA3E2B1CC8B7}.Release|Any CPU.Deploy.0 = Release|Any CPU
		{D5763105-D739-4680-8B33-EA3E2B1CC8B7}.Release|ARM.ActiveCfg = Release|Any CPU
		{D5763105-D739-4680-8B33-EA3E2B1CC8B7}.Release|ARM.Build.0 = Release|Any CPU
		{D5763105-D739-4680-8B33-EA3E2B1CC8B7}.Release|ARM.Deploy.0 = Release|Any CPU
		{D5763105-D739-4680-8B33-EA3E2B1CC8B7}.Release|iPhone.ActiveCfg = Release|Any CPU
		{D5763105-D739-4680-8B33-EA3E2B1CC8B7}.Release|iPhone.Build.0 = Release|Any CPU
		{D5763105-D739-4680-8B33-EA3E2B1CC8B7}.Release|iPhone.Deploy.0 = Release|Any CPU
		{D5763105-D739-4680-8B33-EA3E2B1CC8B7}.Release|iPhoneSimulator.ActiveCfg = Release|Any CPU
		{D5763105-D739-4680-8B33-EA3E2B1CC8B7}.Release|iPhoneSimulator.Build.0 = Release|Any CPU
		{D5763105-D739-4680-8B33-EA3E2B1CC8B7}.Release|iPhoneSimulator.Deploy.0 = Release|Any CPU
		{D5763105-D739-4680-8B33-EA3E2B1CC8B7}.Release|x64.ActiveCfg = Release|Any CPU
		{D5763105-D739-4680-8B33-EA3E2B1CC8B7}.Release|x64.Build.0 = Release|Any CPU
		{D5763105-D739-4680-8B33-EA3E2B1CC8B7}.Release|x64.Deploy.0 = Release|Any CPU
		{D5763105-D739-4680-8B33-EA3E2B1CC8B7}.Release|x86.ActiveCfg = Release|Any CPU
		{D5763105-D739-4680-8B33-EA3E2B1CC8B7}.Release|x86.Build.0 = Release|Any CPU
		{D5763105-D739-4680-8B33-EA3E2B1CC8B7}.Release|x86.Deploy.0 = Release|Any CPU
	EndGlobalSection
	GlobalSection(SolutionProperties) = preSolution
		HideSolutionNode = FALSE
	EndGlobalSection
	GlobalSection(ExtensibilityGlobals) = postSolution
		SolutionGuid = {8A76BA2C-1FF4-4467-B413-4E185CB8E6B9}
	EndGlobalSection
EndGlobal
