
Microsoft Visual Studio Solution File, Format Version 12.00
# Visual Studio Version 16
VisualStudioVersion = 16.0.29503.13
MinimumVisualStudioVersion = 10.0.40219.1
Project("{FAE04EC0-301F-11D3-BF4B-00C04F79EFBC}") = "App2_SOAPClient.UWP", "App2_SOAPClient\App2_SOAPClient.UWP\App2_SOAPClient.UWP.csproj", "{33DF883E-99C5-4A04-A413-D958A2F4249E}"
EndProject
Project("{FAE04EC0-301F-11D3-BF4B-00C04F79EFBC}") = "App2_SOAPClient.Android", "App2_SOAPClient\App2_SOAPClient.Android\App2_SOAPClient.Android.csproj", "{3D06854E-137A-4EC9-8B50-D4CF5049B85C}"
EndProject
Project("{FAE04EC0-301F-11D3-BF4B-00C04F79EFBC}") = "App2_SOAPClient.iOS", "App2_SOAPClient\App2_SOAPClient.iOS\App2_SOAPClient.iOS.csproj", "{DFD9CBBC-79B1-47E2-B39A-CF5726F71C9B}"
EndProject
Project("{FAE04EC0-301F-11D3-BF4B-00C04F79EFBC}") = "App2_SOAPClient", "App2_SOAPClient\App2_SOAPClient\App2_SOAPClient.csproj", "{15FEDB0E-C335-4E29-9249-BD7645283BF8}"
EndProject
Global
	GlobalSection(SolutionConfigurationPlatforms) = preSolution
		Debug|Any CPU = Debug|Any CPU
		Debug|ARM = Debug|ARM
		Debug|iPhone = Debug|iPhone
		Debug|iPhoneSimulator = Debug|iPhoneSimulator
		Debug|x64 = Debug|x64
		Debug|x86 = Debug|x86
		Release|Any CPU = Release|Any CPU
		Release|ARM = Release|ARM
		Release|iPhone = Release|iPhone
		Release|iPhoneSimulator = Release|iPhoneSimulator
		Release|x64 = Release|x64
		Release|x86 = Release|x86
	EndGlobalSection
	GlobalSection(ProjectConfigurationPlatforms) = postSolution
		{33DF883E-99C5-4A04-A413-D958A2F4249E}.Debug|Any CPU.ActiveCfg = Debug|x86
		{33DF883E-99C5-4A04-A413-D958A2F4249E}.Debug|Any CPU.Build.0 = Debug|x86
		{33DF883E-99C5-4A04-A413-D958A2F4249E}.Debug|Any CPU.Deploy.0 = Debug|x86
		{33DF883E-99C5-4A04-A413-D958A2F4249E}.Debug|ARM.ActiveCfg = Debug|ARM
		{33DF883E-99C5-4A04-A413-D958A2F4249E}.Debug|ARM.Build.0 = Debug|ARM
		{33DF883E-99C5-4A04-A413-D958A2F4249E}.Debug|ARM.Deploy.0 = Debug|ARM
		{33DF883E-99C5-4A04-A413-D958A2F4249E}.Debug|iPhone.ActiveCfg = Debug|x86
		{33DF883E-99C5-4A04-A413-D958A2F4249E}.Debug|iPhone.Build.0 = Debug|x86
		{33DF883E-99C5-4A04-A413-D958A2F4249E}.Debug|iPhone.Deploy.0 = Debug|x86
		{33DF883E-99C5-4A04-A413-D958A2F4249E}.Debug|iPhoneSimulator.ActiveCfg = Debug|x86
		{33DF883E-99C5-4A04-A413-D958A2F4249E}.Debug|iPhoneSimulator.Build.0 = Debug|x86
		{33DF883E-99C5-4A04-A413-D958A2F4249E}.Debug|iPhoneSimulator.Deploy.0 = Debug|x86
		{33DF883E-99C5-4A04-A413-D958A2F4249E}.Debug|x64.ActiveCfg = Debug|x64
		{33DF883E-99C5-4A04-A413-D958A2F4249E}.Debug|x64.Build.0 = Debug|x64
		{33DF883E-99C5-4A04-A413-D958A2F4249E}.Debug|x64.Deploy.0 = Debug|x64
		{33DF883E-99C5-4A04-A413-D958A2F4249E}.Debug|x86.ActiveCfg = Debug|x86
		{33DF883E-99C5-4A04-A413-D958A2F4249E}.Debug|x86.Build.0 = Debug|x86
		{33DF883E-99C5-4A04-A413-D958A2F4249E}.Debug|x86.Deploy.0 = Debug|x86
		{33DF883E-99C5-4A04-A413-D958A2F4249E}.Release|Any CPU.ActiveCfg = Release|x86
		{33DF883E-99C5-4A04-A413-D958A2F4249E}.Release|Any CPU.Build.0 = Release|x86
		{33DF883E-99C5-4A04-A413-D958A2F4249E}.Release|Any CPU.Deploy.0 = Release|x86
		{33DF883E-99C5-4A04-A413-D958A2F4249E}.Release|ARM.ActiveCfg = Release|ARM
		{33DF883E-99C5-4A04-A413-D958A2F4249E}.Release|ARM.Build.0 = Release|ARM
		{33DF883E-99C5-4A04-A413-D958A2F4249E}.Release|ARM.Deploy.0 = Release|ARM
		{33DF883E-99C5-4A04-A413-D958A2F4249E}.Release|iPhone.ActiveCfg = Release|x86
		{33DF883E-99C5-4A04-A413-D958A2F4249E}.Release|iPhone.Build.0 = Release|x86
		{33DF883E-99C5-4A04-A413-D958A2F4249E}.Release|iPhone.Deploy.0 = Release|x86
		{33DF883E-99C5-4A04-A413-D958A2F4249E}.Release|iPhoneSimulator.ActiveCfg = Release|x86
		{33DF883E-99C5-4A04-A413-D958A2F4249E}.Release|iPhoneSimulator.Build.0 = Release|x86
		{33DF883E-99C5-4A04-A413-D958A2F4249E}.Release|iPhoneSimulator.Deploy.0 = Release|x86
		{33DF883E-99C5-4A04-A413-D958A2F4249E}.Release|x64.ActiveCfg = Release|x64
		{33DF883E-99C5-4A04-A413-D958A2F4249E}.Release|x64.Build.0 = Release|x64
		{33DF883E-99C5-4A04-A413-D958A2F4249E}.Release|x64.Deploy.0 = Release|x64
		{33DF883E-99C5-4A04-A413-D958A2F4249E}.Release|x86.ActiveCfg = Release|x86
		{33DF883E-99C5-4A04-A413-D958A2F4249E}.Release|x86.Build.0 = Release|x86
		{33DF883E-99C5-4A04-A413-D958A2F4249E}.Release|x86.Deploy.0 = Release|x86
		{3D06854E-137A-4EC9-8B50-D4CF5049B85C}.Debug|Any CPU.ActiveCfg = Debug|Any CPU
		{3D06854E-137A-4EC9-8B50-D4CF5049B85C}.Debug|Any CPU.Build.0 = Debug|Any CPU
		{3D06854E-137A-4EC9-8B50-D4CF5049B85C}.Debug|Any CPU.Deploy.0 = Debug|Any CPU
		{3D06854E-137A-4EC9-8B50-D4CF5049B85C}.Debug|ARM.ActiveCfg = Debug|Any CPU
		{3D06854E-137A-4EC9-8B50-D4CF5049B85C}.Debug|ARM.Build.0 = Debug|Any CPU
		{3D06854E-137A-4EC9-8B50-D4CF5049B85C}.Debug|ARM.Deploy.0 = Debug|Any CPU
		{3D06854E-137A-4EC9-8B50-D4CF5049B85C}.Debug|iPhone.ActiveCfg = Debug|Any CPU
		{3D06854E-137A-4EC9-8B50-D4CF5049B85C}.Debug|iPhone.Build.0 = Debug|Any CPU
		{3D06854E-137A-4EC9-8B50-D4CF5049B85C}.Debug|iPhone.Deploy.0 = Debug|Any CPU
		{3D06854E-137A-4EC9-8B50-D4CF5049B85C}.Debug|iPhoneSimulator.ActiveCfg = Debug|Any CPU
		{3D06854E-137A-4EC9-8B50-D4CF5049B85C}.Debug|iPhoneSimulator.Build.0 = Debug|Any CPU
		{3D06854E-137A-4EC9-8B50-D4CF5049B85C}.Debug|iPhoneSimulator.Deploy.0 = Debug|Any CPU
		{3D06854E-137A-4EC9-8B50-D4CF5049B85C}.Debug|x64.ActiveCfg = Debug|Any CPU
		{3D06854E-137A-4EC9-8B50-D4CF5049B85C}.Debug|x64.Build.0 = Debug|Any CPU
		{3D06854E-137A-4EC9-8B50-D4CF5049B85C}.Debug|x64.Deploy.0 = Debug|Any CPU
		{3D06854E-137A-4EC9-8B50-D4CF5049B85C}.Debug|x86.ActiveCfg = Debug|Any CPU
		{3D06854E-137A-4EC9-8B50-D4CF5049B85C}.Debug|x86.Build.0 = Debug|Any CPU
		{3D06854E-137A-4EC9-8B50-D4CF5049B85C}.Debug|x86.Deploy.0 = Debug|Any CPU
		{3D06854E-137A-4EC9-8B50-D4CF5049B85C}.Release|Any CPU.ActiveCfg = Release|Any CPU
		{3D06854E-137A-4EC9-8B50-D4CF5049B85C}.Release|Any CPU.Build.0 = Release|Any CPU
		{3D06854E-137A-4EC9-8B50-D4CF5049B85C}.Release|Any CPU.Deploy.0 = Release|Any CPU
		{3D06854E-137A-4EC9-8B50-D4CF5049B85C}.Release|ARM.ActiveCfg = Release|Any CPU
		{3D06854E-137A-4EC9-8B50-D4CF5049B85C}.Release|ARM.Build.0 = Release|Any CPU
		{3D06854E-137A-4EC9-8B50-D4CF5049B85C}.Release|ARM.Deploy.0 = Release|Any CPU
		{3D06854E-137A-4EC9-8B50-D4CF5049B85C}.Release|iPhone.ActiveCfg = Release|Any CPU
		{3D06854E-137A-4EC9-8B50-D4CF5049B85C}.Release|iPhone.Build.0 = Release|Any CPU
		{3D06854E-137A-4EC9-8B50-D4CF5049B85C}.Release|iPhone.Deploy.0 = Release|Any CPU
		{3D06854E-137A-4EC9-8B50-D4CF5049B85C}.Release|iPhoneSimulator.ActiveCfg = Release|Any CPU
		{3D06854E-137A-4EC9-8B50-D4CF5049B85C}.Release|iPhoneSimulator.Build.0 = Release|Any CPU
		{3D06854E-137A-4EC9-8B50-D4CF5049B85C}.Release|iPhoneSimulator.Deploy.0 = Release|Any CPU
		{3D06854E-137A-4EC9-8B50-D4CF5049B85C}.Release|x64.ActiveCfg = Release|Any CPU
		{3D06854E-137A-4EC9-8B50-D4CF5049B85C}.Release|x64.Build.0 = Release|Any CPU
		{3D06854E-137A-4EC9-8B50-D4CF5049B85C}.Release|x64.Deploy.0 = Release|Any CPU
		{3D06854E-137A-4EC9-8B50-D4CF5049B85C}.Release|x86.ActiveCfg = Release|Any CPU
		{3D06854E-137A-4EC9-8B50-D4CF5049B85C}.Release|x86.Build.0 = Release|Any CPU
		{3D06854E-137A-4EC9-8B50-D4CF5049B85C}.Release|x86.Deploy.0 = Release|Any CPU
		{DFD9CBBC-79B1-47E2-B39A-CF5726F71C9B}.Debug|Any CPU.ActiveCfg = Debug|iPhone
		{DFD9CBBC-79B1-47E2-B39A-CF5726F71C9B}.Debug|Any CPU.Build.0 = Debug|iPhone
		{DFD9CBBC-79B1-47E2-B39A-CF5726F71C9B}.Debug|Any CPU.Deploy.0 = Debug|iPhone
		{DFD9CBBC-79B1-47E2-B39A-CF5726F71C9B}.Debug|ARM.ActiveCfg = Debug|iPhoneSimulator
		{DFD9CBBC-79B1-47E2-B39A-CF5726F71C9B}.Debug|ARM.Build.0 = Debug|iPhoneSimulator
		{DFD9CBBC-79B1-47E2-B39A-CF5726F71C9B}.Debug|ARM.Deploy.0 = Debug|iPhoneSimulator
		{DFD9CBBC-79B1-47E2-B39A-CF5726F71C9B}.Debug|iPhone.ActiveCfg = Debug|iPhone
		{DFD9CBBC-79B1-47E2-B39A-CF5726F71C9B}.Debug|iPhone.Build.0 = Debug|iPhone
		{DFD9CBBC-79B1-47E2-B39A-CF5726F71C9B}.Debug|iPhone.Deploy.0 = Debug|iPhone
		{DFD9CBBC-79B1-47E2-B39A-CF5726F71C9B}.Debug|iPhoneSimulator.ActiveCfg = Debug|iPhoneSimulator
		{DFD9CBBC-79B1-47E2-B39A-CF5726F71C9B}.Debug|iPhoneSimulator.Build.0 = Debug|iPhoneSimulator
		{DFD9CBBC-79B1-47E2-B39A-CF5726F71C9B}.Debug|iPhoneSimulator.Deploy.0 = Debug|iPhoneSimulator
		{DFD9CBBC-79B1-47E2-B39A-CF5726F71C9B}.Debug|x64.ActiveCfg = Debug|iPhone
		{DFD9CBBC-79B1-47E2-B39A-CF5726F71C9B}.Debug|x64.Build.0 = Debug|iPhone
		{DFD9CBBC-79B1-47E2-B39A-CF5726F71C9B}.Debug|x64.Deploy.0 = Debug|iPhone
		{DFD9CBBC-79B1-47E2-B39A-CF5726F71C9B}.Debug|x86.ActiveCfg = Debug|iPhone
		{DFD9CBBC-79B1-47E2-B39A-CF5726F71C9B}.Debug|x86.Build.0 = Debug|iPhone
		{DFD9CBBC-79B1-47E2-B39A-CF5726F71C9B}.Debug|x86.Deploy.0 = Debug|iPhone
		{DFD9CBBC-79B1-47E2-B39A-CF5726F71C9B}.Release|Any CPU.ActiveCfg = Release|iPhone
		{DFD9CBBC-79B1-47E2-B39A-CF5726F71C9B}.Release|Any CPU.Build.0 = Release|iPhone
		{DFD9CBBC-79B1-47E2-B39A-CF5726F71C9B}.Release|Any CPU.Deploy.0 = Release|iPhone
		{DFD9CBBC-79B1-47E2-B39A-CF5726F71C9B}.Release|ARM.ActiveCfg = Release|iPhone
		{DFD9CBBC-79B1-47E2-B39A-CF5726F71C9B}.Release|ARM.Build.0 = Release|iPhone
		{DFD9CBBC-79B1-47E2-B39A-CF5726F71C9B}.Release|ARM.Deploy.0 = Release|iPhone
		{DFD9CBBC-79B1-47E2-B39A-CF5726F71C9B}.Release|iPhone.ActiveCfg = Release|iPhone
		{DFD9CBBC-79B1-47E2-B39A-CF5726F71C9B}.Release|iPhone.Build.0 = Release|iPhone
		{DFD9CBBC-79B1-47E2-B39A-CF5726F71C9B}.Release|iPhone.Deploy.0 = Release|iPhone
		{DFD9CBBC-79B1-47E2-B39A-CF5726F71C9B}.Release|iPhoneSimulator.ActiveCfg = Release|iPhoneSimulator
		{DFD9CBBC-79B1-47E2-B39A-CF5726F71C9B}.Release|iPhoneSimulator.Build.0 = Release|iPhoneSimulator
		{DFD9CBBC-79B1-47E2-B39A-CF5726F71C9B}.Release|iPhoneSimulator.Deploy.0 = Release|iPhoneSimulator
		{DFD9CBBC-79B1-47E2-B39A-CF5726F71C9B}.Release|x64.ActiveCfg = Release|iPhone
		{DFD9CBBC-79B1-47E2-B39A-CF5726F71C9B}.Release|x64.Build.0 = Release|iPhone
		{DFD9CBBC-79B1-47E2-B39A-CF5726F71C9B}.Release|x64.Deploy.0 = Release|iPhone
		{DFD9CBBC-79B1-47E2-B39A-CF5726F71C9B}.Release|x86.ActiveCfg = Release|iPhone
		{DFD9CBBC-79B1-47E2-B39A-CF5726F71C9B}.Release|x86.Build.0 = Release|iPhone
		{DFD9CBBC-79B1-47E2-B39A-CF5726F71C9B}.Release|x86.Deploy.0 = Release|iPhone
		{15FEDB0E-C335-4E29-9249-BD7645283BF8}.Debug|Any CPU.ActiveCfg = Debug|Any CPU
		{15FEDB0E-C335-4E29-9249-BD7645283BF8}.Debug|Any CPU.Build.0 = Debug|Any CPU
		{15FEDB0E-C335-4E29-9249-BD7645283BF8}.Debug|Any CPU.Deploy.0 = Debug|Any CPU
		{15FEDB0E-C335-4E29-9249-BD7645283BF8}.Debug|ARM.ActiveCfg = Debug|Any CPU
		{15FEDB0E-C335-4E29-9249-BD7645283BF8}.Debug|ARM.Build.0 = Debug|Any CPU
		{15FEDB0E-C335-4E29-9249-BD7645283BF8}.Debug|ARM.Deploy.0 = Debug|Any CPU
		{15FEDB0E-C335-4E29-9249-BD7645283BF8}.Debug|iPhone.ActiveCfg = Debug|Any CPU
		{15FEDB0E-C335-4E29-9249-BD7645283BF8}.Debug|iPhone.Build.0 = Debug|Any CPU
		{15FEDB0E-C335-4E29-9249-BD7645283BF8}.Debug|iPhone.Deploy.0 = Debug|Any CPU
		{15FEDB0E-C335-4E29-9249-BD7645283BF8}.Debug|iPhoneSimulator.ActiveCfg = Debug|Any CPU
		{15FEDB0E-C335-4E29-9249-BD7645283BF8}.Debug|iPhoneSimulator.Build.0 = Debug|Any CPU
		{15FEDB0E-C335-4E29-9249-BD7645283BF8}.Debug|iPhoneSimulator.Deploy.0 = Debug|Any CPU
		{15FEDB0E-C335-4E29-9249-BD7645283BF8}.Debug|x64.ActiveCfg = Debug|Any CPU
		{15FEDB0E-C335-4E29-9249-BD7645283BF8}.Debug|x64.Build.0 = Debug|Any CPU
		{15FEDB0E-C335-4E29-9249-BD7645283BF8}.Debug|x64.Deploy.0 = Debug|Any CPU
		{15FEDB0E-C335-4E29-9249-BD7645283BF8}.Debug|x86.ActiveCfg = Debug|Any CPU
		{15FEDB0E-C335-4E29-9249-BD7645283BF8}.Debug|x86.Build.0 = Debug|Any CPU
		{15FEDB0E-C335-4E29-9249-BD7645283BF8}.Debug|x86.Deploy.0 = Debug|Any CPU
		{15FEDB0E-C335-4E29-9249-BD7645283BF8}.Release|Any CPU.ActiveCfg = Release|Any CPU
		{15FEDB0E-C335-4E29-9249-BD7645283BF8}.Release|Any CPU.Build.0 = Release|Any CPU
		{15FEDB0E-C335-4E29-9249-BD7645283BF8}.Release|Any CPU.Deploy.0 = Release|Any CPU
		{15FEDB0E-C335-4E29-9249-BD7645283BF8}.Release|ARM.ActiveCfg = Release|Any CPU
		{15FEDB0E-C335-4E29-9249-BD7645283BF8}.Release|ARM.Build.0 = Release|Any CPU
		{15FEDB0E-C335-4E29-9249-BD7645283BF8}.Release|ARM.Deploy.0 = Release|Any CPU
		{15FEDB0E-C335-4E29-9249-BD7645283BF8}.Release|iPhone.ActiveCfg = Release|Any CPU
		{15FEDB0E-C335-4E29-9249-BD7645283BF8}.Release|iPhone.Build.0 = Release|Any CPU
		{15FEDB0E-C335-4E29-9249-BD7645283BF8}.Release|iPhone.Deploy.0 = Release|Any CPU
		{15FEDB0E-C335-4E29-9249-BD7645283BF8}.Release|iPhoneSimulator.ActiveCfg = Release|Any CPU
		{15FEDB0E-C335-4E29-9249-BD7645283BF8}.Release|iPhoneSimulator.Build.0 = Release|Any CPU
		{15FEDB0E-C335-4E29-9249-BD7645283BF8}.Release|iPhoneSimulator.Deploy.0 = Release|Any CPU
		{15FEDB0E-C335-4E29-9249-BD7645283BF8}.Release|x64.ActiveCfg = Release|Any CPU
		{15FEDB0E-C335-4E29-9249-BD7645283BF8}.Release|x64.Build.0 = Release|Any CPU
		{15FEDB0E-C335-4E29-9249-BD7645283BF8}.Release|x64.Deploy.0 = Release|Any CPU
		{15FEDB0E-C335-4E29-9249-BD7645283BF8}.Release|x86.ActiveCfg = Release|Any CPU
		{15FEDB0E-C335-4E29-9249-BD7645283BF8}.Release|x86.Build.0 = Release|Any CPU
		{15FEDB0E-C335-4E29-9249-BD7645283BF8}.Release|x86.Deploy.0 = Release|Any CPU
	EndGlobalSection
	GlobalSection(SolutionProperties) = preSolution
		HideSolutionNode = FALSE
	EndGlobalSection
	GlobalSection(ExtensibilityGlobals) = postSolution
		SolutionGuid = {14B2DD86-735F-480B-AF51-BFBD68F30733}
	EndGlobalSection
EndGlobal
